// !$*UTF8*$!
{
	archiveVersion = 1;
	classes = {
	};
	objectVersion = 46;
	objects = {

/* Begin PBXBuildFile section */
		B3CF23BF13F7A1FF00A4E532 /* Foundation.framework in Frameworks */ = {isa = PBXBuildFile; fileRef = B3CF23BE13F7A1FF00A4E532 /* Foundation.framework */; };
		B3CF23C513F7A1FF00A4E532 /* libCronExpression.m in Sources */ = {isa = PBXBuildFile; fileRef = B3CF23C413F7A1FF00A4E532 /* libCronExpression.m */; };
		B3CF23CD13F7A1FF00A4E532 /* SenTestingKit.framework in Frameworks */ = {isa = PBXBuildFile; fileRef = B3CF23CC13F7A1FF00A4E532 /* SenTestingKit.framework */; };
		B3CF23CF13F7A1FF00A4E532 /* UIKit.framework in Frameworks */ = {isa = PBXBuildFile; fileRef = B3CF23CE13F7A1FF00A4E532 /* UIKit.framework */; };
		B3CF23D013F7A1FF00A4E532 /* Foundation.framework in Frameworks */ = {isa = PBXBuildFile; fileRef = B3CF23BE13F7A1FF00A4E532 /* Foundation.framework */; };
		B3CF23D213F7A1FF00A4E532 /* CoreGraphics.framework in Frameworks */ = {isa = PBXBuildFile; fileRef = B3CF23D113F7A1FF00A4E532 /* CoreGraphics.framework */; };
		B3CF23D513F7A1FF00A4E532 /* liblibCronExpression.a in Frameworks */ = {isa = PBXBuildFile; fileRef = B3CF23BB13F7A1FF00A4E532 /* liblibCronExpression.a */; };
		B3CF23DB13F7A1FF00A4E532 /* InfoPlist.strings in Resources */ = {isa = PBXBuildFile; fileRef = B3CF23D913F7A1FF00A4E532 /* InfoPlist.strings */; };
		B3CF23DD13F7A1FF00A4E532 /* libCronExpressionTests.h in Resources */ = {isa = PBXBuildFile; fileRef = B3CF23DC13F7A1FF00A4E532 /* libCronExpressionTests.h */; };
		B3CF23DF13F7A1FF00A4E532 /* libCronExpressionTests.m in Sources */ = {isa = PBXBuildFile; fileRef = B3CF23DE13F7A1FF00A4E532 /* libCronExpressionTests.m */; };
/* End PBXBuildFile section */

/* Begin PBXContainerItemProxy section */
		B3CF23D313F7A1FF00A4E532 /* PBXContainerItemProxy */ = {
			isa = PBXContainerItemProxy;
			containerPortal = B3CF23B213F7A1FF00A4E532 /* Project object */;
			proxyType = 1;
			remoteGlobalIDString = B3CF23BA13F7A1FF00A4E532;
			remoteInfo = libCronExpression;
		};
/* End PBXContainerItemProxy section */

/* Begin PBXFileReference section */
		B3CF23BB13F7A1FF00A4E532 /* liblibCronExpression.a */ = {isa = PBXFileReference; explicitFileType = archive.ar; includeInIndex = 0; path = liblibCronExpression.a; sourceTree = BUILT_PRODUCTS_DIR; };
		B3CF23BE13F7A1FF00A4E532 /* Foundation.framework */ = {isa = PBXFileReference; lastKnownFileType = wrapper.framework; name = Foundation.framework; path = System/Library/Frameworks/Foundation.framework; sourceTree = SDKROOT; };
		B3CF23C213F7A1FF00A4E532 /* libCronExpression-Prefix.pch */ = {isa = PBXFileReference; path = "libCronExpression-Prefix.pch"; sourceTree = "<group>"; };
		B3CF23C313F7A1FF00A4E532 /* libCronExpression.h */ = {isa = PBXFileReference; path = libCronExpression.h; sourceTree = "<group>"; };
		B3CF23C413F7A1FF00A4E532 /* libCronExpression.m */ = {isa = PBXFileReference; lastKnownFileType = sourcecode.c.objc; path = libCronExpression.m; sourceTree = "<group>"; };
		B3CF23CB13F7A1FF00A4E532 /* libCronExpressionTests.octest */ = {isa = PBXFileReference; explicitFileType = wrapper.cfbundle; includeInIndex = 0; path = libCronExpressionTests.octest; sourceTree = BUILT_PRODUCTS_DIR; };
		B3CF23CC13F7A1FF00A4E532 /* SenTestingKit.framework */ = {isa = PBXFileReference; lastKnownFileType = wrapper.framework; name = SenTestingKit.framework; path = Library/Frameworks/SenTestingKit.framework; sourceTree = DEVELOPER_DIR; };
		B3CF23CE13F7A1FF00A4E532 /* UIKit.framework */ = {isa = PBXFileReference; lastKnownFileType = wrapper.framework; name = UIKit.framework; path = Library/Frameworks/UIKit.framework; sourceTree = DEVELOPER_DIR; };
		B3CF23D113F7A1FF00A4E532 /* CoreGraphics.framework */ = {isa = PBXFileReference; lastKnownFileType = wrapper.framework; name = CoreGraphics.framework; path = Library/Frameworks/CoreGraphics.framework; sourceTree = DEVELOPER_DIR; };
		B3CF23D813F7A1FF00A4E532 /* libCronExpressionTests-Info.plist */ = {isa = PBXFileReference; path = "libCronExpressionTests-Info.plist"; sourceTree = "<group>"; };
		B3CF23DA13F7A1FF00A4E532 /* en */ = {isa = PBXFileReference; lastKnownFileType = text.plist.strings; name = en; path = en.lproj/InfoPlist.strings; sourceTree = "<group>"; };
		B3CF23DC13F7A1FF00A4E532 /* libCronExpressionTests.h */ = {isa = PBXFileReference; lastKnownFileType = sourcecode.c.h; path = libCronExpressionTests.h; sourceTree = "<group>"; };
		B3CF23DE13F7A1FF00A4E532 /* libCronExpressionTests.m */ = {isa = PBXFileReference; lastKnownFileType = sourcecode.c.objc; path = libCronExpressionTests.m; sourceTree = "<group>"; };
/* End PBXFileReference section */

/* Begin PBXFrameworksBuildPhase section */
		B3CF23B813F7A1FF00A4E532 /* Frameworks */ = {
			isa = PBXFrameworksBuildPhase;
			buildActionMask = 2147483647;
			files = (
				B3CF23BF13F7A1FF00A4E532 /* Foundation.framework in Frameworks */,
			);
			runOnlyForDeploymentPostprocessing = 0;
		};
		B3CF23C713F7A1FF00A4E532 /* Frameworks */ = {
			isa = PBXFrameworksBuildPhase;
			buildActionMask = 2147483647;
			files = (
				B3CF23CD13F7A1FF00A4E532 /* SenTestingKit.framework in Frameworks */,
				B3CF23CF13F7A1FF00A4E532 /* UIKit.framework in Frameworks */,
				B3CF23D013F7A1FF00A4E532 /* Foundation.framework in Frameworks */,
				B3CF23D213F7A1FF00A4E532 /* CoreGraphics.framework in Frameworks */,
				B3CF23D513F7A1FF00A4E532 /* liblibCronExpression.a in Frameworks */,
			);
			runOnlyForDeploymentPostprocessing = 0;
		};
/* End PBXFrameworksBuildPhase section */

/* Begin PBXGroup section */
		B3CF23B013F7A1FF00A4E532 = {
			isa = PBXGroup;
			children = (
				B3CF23C013F7A1FF00A4E532 /* libCronExpression */,
				B3CF23D613F7A1FF00A4E532 /* libCronExpressionTests */,
				B3CF23BD13F7A1FF00A4E532 /* Frameworks */,
				B3CF23BC13F7A1FF00A4E532 /* Products */,
			);
			sourceTree = "<group>";
		};
		B3CF23BC13F7A1FF00A4E532 /* Products */ = {
			isa = PBXGroup;
			children = (
				B3CF23BB13F7A1FF00A4E532 /* liblibCronExpression.a */,
				B3CF23CB13F7A1FF00A4E532 /* libCronExpressionTests.octest */,
			);
			name = Products;
			sourceTree = "<group>";
		};
		B3CF23BD13F7A1FF00A4E532 /* Frameworks */ = {
			isa = PBXGroup;
			children = (
				B3CF23BE13F7A1FF00A4E532 /* Foundation.framework */,
				B3CF23CC13F7A1FF00A4E532 /* SenTestingKit.framework */,
				B3CF23CE13F7A1FF00A4E532 /* UIKit.framework */,
				B3CF23D113F7A1FF00A4E532 /* CoreGraphics.framework */,
			);
			name = Frameworks;
			sourceTree = "<group>";
		};
		B3CF23C013F7A1FF00A4E532 /* libCronExpression */ = {
			isa = PBXGroup;
			children = (
				B3CF23C313F7A1FF00A4E532 /* libCronExpression.h */,
				B3CF23C413F7A1FF00A4E532 /* libCronExpression.m */,
				B3CF23C113F7A1FF00A4E532 /* Supporting Files */,
			);
			path = libCronExpression;
			sourceTree = "<group>";
		};
		B3CF23C113F7A1FF00A4E532 /* Supporting Files */ = {
			isa = PBXGroup;
			children = (
				B3CF23C213F7A1FF00A4E532 /* libCronExpression-Prefix.pch */,
			);
			name = "Supporting Files";
			sourceTree = "<group>";
		};
		B3CF23D613F7A1FF00A4E532 /* libCronExpressionTests */ = {
			isa = PBXGroup;
			children = (
				B3CF23DC13F7A1FF00A4E532 /* libCronExpressionTests.h */,
				B3CF23DE13F7A1FF00A4E532 /* libCronExpressionTests.m */,
				B3CF23D713F7A1FF00A4E532 /* Supporting Files */,
			);
			path = libCronExpressionTests;
			sourceTree = "<group>";
		};
		B3CF23D713F7A1FF00A4E532 /* Supporting Files */ = {
			isa = PBXGroup;
			children = (
				B3CF23D813F7A1FF00A4E532 /* libCronExpressionTests-Info.plist */,
				B3CF23D913F7A1FF00A4E532 /* InfoPlist.strings */,
			);
			name = "Supporting Files";
			sourceTree = "<group>";
		};
/* End PBXGroup section */

/* Begin PBXHeadersBuildPhase section */
		B3CF23B913F7A1FF00A4E532 /* Headers */ = {
			isa = PBXHeadersBuildPhase;
			buildActionMask = 2147483647;
			files = (
			);
			runOnlyForDeploymentPostprocessing = 0;
		};
/* End PBXHeadersBuildPhase section */

/* Begin PBXNativeTarget section */
		B3CF23BA13F7A1FF00A4E532 /* libCronExpression */ = {
			isa = PBXNativeTarget;
			buildConfigurationList = B3CF23E213F7A1FF00A4E532 /* Build configuration list for PBXNativeTarget "libCronExpression" */;
			buildPhases = (
				B3CF23B713F7A1FF00A4E532 /* Sources */,
				B3CF23B813F7A1FF00A4E532 /* Frameworks */,
				B3CF23B913F7A1FF00A4E532 /* Headers */,
			);
			buildRules = (
			);
			dependencies = (
			);
			name = libCronExpression;
			productName = libCronExpression;
			productReference = B3CF23BB13F7A1FF00A4E532 /* liblibCronExpression.a */;
			productType = "com.apple.product-type.library.static";
		};
		B3CF23CA13F7A1FF00A4E532 /* libCronExpressionTests */ = {
			isa = PBXNativeTarget;
			buildConfigurationList = B3CF23E513F7A1FF00A4E532 /* Build configuration list for PBXNativeTarget "libCronExpressionTests" */;
			buildPhases = (
				B3CF23C613F7A1FF00A4E532 /* Sources */,
				B3CF23C713F7A1FF00A4E532 /* Frameworks */,
				B3CF23C813F7A1FF00A4E532 /* Resources */,
				B3CF23C913F7A1FF00A4E532 /* ShellScript */,
			);
			buildRules = (
			);
			dependencies = (
				B3CF23D413F7A1FF00A4E532 /* PBXTargetDependency */,
			);
			name = libCronExpressionTests;
			productName = libCronExpressionTests;
			productReference = B3CF23CB13F7A1FF00A4E532 /* libCronExpressionTests.octest */;
			productType = "com.apple.product-type.bundle";
		};
/* End PBXNativeTarget section */

/* Begin PBXProject section */
		B3CF23B213F7A1FF00A4E532 /* Project object */ = {
			isa = PBXProject;
			buildConfigurationList = B3CF23B513F7A1FF00A4E532 /* Build configuration list for PBXProject "libCronExpression" */;
			compatibilityVersion = "Xcode 3.2";
			developmentRegion = English;
			hasScannedForEncodings = 0;
			knownRegions = (
				en,
			);
			mainGroup = B3CF23B013F7A1FF00A4E532;
			productRefGroup = B3CF23BC13F7A1FF00A4E532 /* Products */;
			projectDirPath = "";
			projectRoot = "";
			targets = (
				B3CF23BA13F7A1FF00A4E532 /* libCronExpression */,
				B3CF23CA13F7A1FF00A4E532 /* libCronExpressionTests */,
			);
		};
/* End PBXProject section */

/* Begin PBXResourcesBuildPhase section */
		B3CF23C813F7A1FF00A4E532 /* Resources */ = {
			isa = PBXResourcesBuildPhase;
			buildActionMask = 2147483647;
			files = (
				B3CF23DB13F7A1FF00A4E532 /* InfoPlist.strings in Resources */,
				B3CF23DD13F7A1FF00A4E532 /* libCronExpressionTests.h in Resources */,
			);
			runOnlyForDeploymentPostprocessing = 0;
		};
/* End PBXResourcesBuildPhase section */

/* Begin PBXShellScriptBuildPhase section */
		B3CF23C913F7A1FF00A4E532 /* ShellScript */ = {
			isa = PBXShellScriptBuildPhase;
			buildActionMask = 2147483647;
			files = (
			);
			inputPaths = (
			);
			outputPaths = (
			);
			runOnlyForDeploymentPostprocessing = 0;
			shellPath = /bin/sh;
			shellScript = "# Run the unit tests in this test bundle.\n\"${SYSTEM_DEVELOPER_DIR}/Tools/RunUnitTests\"\n";
		};
/* End PBXShellScriptBuildPhase section */

/* Begin PBXSourcesBuildPhase section */
		B3CF23B713F7A1FF00A4E532 /* Sources */ = {
			isa = PBXSourcesBuildPhase;
			buildActionMask = 2147483647;
			files = (
				B3CF23C513F7A1FF00A4E532 /* libCronExpression.m in Sources */,
			);
			runOnlyForDeploymentPostprocessing = 0;
		};
		B3CF23C613F7A1FF00A4E532 /* Sources */ = {
			isa = PBXSourcesBuildPhase;
			buildActionMask = 2147483647;
			files = (
				B3CF23DF13F7A1FF00A4E532 /* libCronExpressionTests.m in Sources */,
			);
			runOnlyForDeploymentPostprocessing = 0;
		};
/* End PBXSourcesBuildPhase section */

/* Begin PBXTargetDependency section */
		B3CF23D413F7A1FF00A4E532 /* PBXTargetDependency */ = {
			isa = PBXTargetDependency;
			target = B3CF23BA13F7A1FF00A4E532 /* libCronExpression */;
			targetProxy = B3CF23D313F7A1FF00A4E532 /* PBXContainerItemProxy */;
		};
/* End PBXTargetDependency section */

/* Begin PBXVariantGroup section */
		B3CF23D913F7A1FF00A4E532 /* InfoPlist.strings */ = {
			isa = PBXVariantGroup;
			children = (
				B3CF23DA13F7A1FF00A4E532 /* en */,
			);
			name = InfoPlist.strings;
			sourceTree = "<group>";
		};
/* End PBXVariantGroup section */

/* Begin XCBuildConfiguration section */
		B3CF23E013F7A1FF00A4E532 /* Debug */ = {
			isa = XCBuildConfiguration;
			buildSettings = {
				ALWAYS_SEARCH_USER_PATHS = NO;
				ARCHS = "$(ARCHS_STANDARD_32_BIT)";
				COPY_PHASE_STRIP = NO;
				GCC_C_LANGUAGE_STANDARD = gnu99;
				GCC_DYNAMIC_NO_PIC = NO;
				GCC_OPTIMIZATION_LEVEL = 0;
				GCC_PREPROCESSOR_DEFINITIONS = (
					"DEBUG=1",
					"$(inherited)",
				);
				GCC_SYMBOLS_PRIVATE_EXTERN = NO;
				GCC_VERSION = com.apple.compilers.llvmgcc42;
				GCC_WARN_ABOUT_MISSING_PROTOTYPES = YES;
				GCC_WARN_ABOUT_RETURN_TYPE = YES;
				GCC_WARN_UNUSED_VARIABLE = YES;
				IPHONEOS_DEPLOYMENT_TARGET = 4.3;
				SDKROOT = iphoneos;
			};
			name = Debug;
		};
		B3CF23E113F7A1FF00A4E532 /* Release */ = {
			isa = XCBuildConfiguration;
			buildSettings = {
				ALWAYS_SEARCH_USER_PATHS = NO;
				ARCHS = "$(ARCHS_STANDARD_32_BIT)";
				COPY_PHASE_STRIP = YES;
				GCC_C_LANGUAGE_STANDARD = gnu99;
				GCC_VERSION = com.apple.compilers.llvmgcc42;
				GCC_WARN_ABOUT_MISSING_PROTOTYPES = YES;
				GCC_WARN_ABOUT_RETURN_TYPE = YES;
				GCC_WARN_UNUSED_VARIABLE = YES;
				IPHONEOS_DEPLOYMENT_TARGET = 4.3;
				SDKROOT = iphoneos;
				VALIDATE_PRODUCT = YES;
			};
			name = Release;
		};
		B3CF23E313F7A1FF00A4E532 /* Debug */ = {
			isa = XCBuildConfiguration;
			buildSettings = {
				DSTROOT = /tmp/libCronExpression.dst;
				GCC_PRECOMPILE_PREFIX_HEADER = YES;
				GCC_PREFIX_HEADER = "libCronExpression/libCronExpression-Prefix.pch";
				OTHER_LDFLAGS = "-ObjC";
				PRODUCT_NAME = "$(TARGET_NAME)";
				SKIP_INSTALL = YES;
			};
			name = Debug;
		};
		B3CF23E413F7A1FF00A4E532 /* Release */ = {
			isa = XCBuildConfiguration;
			buildSettings = {
				DSTROOT = /tmp/libCronExpression.dst;
				GCC_PRECOMPILE_PREFIX_HEADER = YES;
				GCC_PREFIX_HEADER = "libCronExpression/libCronExpression-Prefix.pch";
				OTHER_LDFLAGS = "-ObjC";
				PRODUCT_NAME = "$(TARGET_NAME)";
				SKIP_INSTALL = YES;
			};
			name = Release;
		};
		B3CF23E613F7A1FF00A4E532 /* Debug */ = {
			isa = XCBuildConfiguration;
			buildSettings = {
				FRAMEWORK_SEARCH_PATHS = (
					"$(SDKROOT)/Developer/Library/Frameworks",
					"$(DEVELOPER_LIBRARY_DIR)/Frameworks",
				);
				GCC_PRECOMPILE_PREFIX_HEADER = YES;
				GCC_PREFIX_HEADER = "libCronExpression/libCronExpression-Prefix.pch";
				INFOPLIST_FILE = "libCronExpressionTests/libCronExpressionTests-Info.plist";
				PRODUCT_NAME = "$(TARGET_NAME)";
				WRAPPER_EXTENSION = octest;
			};
			name = Debug;
		};
		B3CF23E713F7A1FF00A4E532 /* Release */ = {
			isa = XCBuildConfiguration;
			buildSettings = {
				FRAMEWORK_SEARCH_PATHS = (
					"$(SDKROOT)/Developer/Library/Frameworks",
					"$(DEVELOPER_LIBRARY_DIR)/Frameworks",
				);
				GCC_PRECOMPILE_PREFIX_HEADER = YES;
				GCC_PREFIX_HEADER = "libCronExpression/libCronExpression-Prefix.pch";
				INFOPLIST_FILE = "libCronExpressionTests/libCronExpressionTests-Info.plist";
				PRODUCT_NAME = "$(TARGET_NAME)";
				WRAPPER_EXTENSION = octest;
			};
			name = Release;
		};
/* End XCBuildConfiguration section */

/* Begin XCConfigurationList section */
		B3CF23B513F7A1FF00A4E532 /* Build configuration list for PBXProject "libCronExpression" */ = {
			isa = XCConfigurationList;
			buildConfigurations = (
				B3CF23E013F7A1FF00A4E532 /* Debug */,
				B3CF23E113F7A1FF00A4E532 /* Release */,
			);
			defaultConfigurationIsVisible = 0;
			defaultConfigurationName = Release;
		};
		B3CF23E213F7A1FF00A4E532 /* Build configuration list for PBXNativeTarget "libCronExpression" */ = {
			isa = XCConfigurationList;
			buildConfigurations = (
				B3CF23E313F7A1FF00A4E532 /* Debug */,
				B3CF23E413F7A1FF00A4E532 /* Release */,
			);
			defaultConfigurationIsVisible = 0;
		};
		B3CF23E513F7A1FF00A4E532 /* Build configuration list for PBXNativeTarget "libCronExpressionTests" */ = {
			isa = XCConfigurationList;
			buildConfigurations = (
				B3CF23E613F7A1FF00A4E532 /* Debug */,
				B3CF23E713F7A1FF00A4E532 /* Release */,
			);
			defaultConfigurationIsVisible = 0;
		};
/* End XCConfigurationList section */
	};
	rootObject = B3CF23B213F7A1FF00A4E532 /* Project object */;
}
