// !$*UTF8*$!
{
	archiveVersion = 1;
	classes = {
	};
	objectVersion = 46;
	objects = {

/* Begin PBXBuildFile section */
		B310809913FD3E5F00D67AC4 /* MonthFieldTest.m in Sources */ = {isa = PBXBuildFile; fileRef = B310809813FD3E5F00D67AC4 /* MonthFieldTest.m */; };
		B310809C13FD42F300D67AC4 /* CronExpressionTest.m in Sources */ = {isa = PBXBuildFile; fileRef = B310809B13FD42F300D67AC4 /* CronExpressionTest.m */; };
		B310809F13FD431A00D67AC4 /* FieldTest.m in Sources */ = {isa = PBXBuildFile; fileRef = B310809E13FD431A00D67AC4 /* FieldTest.m */; };
		B3CF23BF13F7A1FF00A4E532 /* Foundation.framework in Frameworks */ = {isa = PBXBuildFile; fileRef = B3CF23BE13F7A1FF00A4E532 /* Foundation.framework */; };
		B3CF23CD13F7A1FF00A4E532 /* SenTestingKit.framework in Frameworks */ = {isa = PBXBuildFile; fileRef = B3CF23CC13F7A1FF00A4E532 /* SenTestingKit.framework */; };
		B3CF23CF13F7A1FF00A4E532 /* UIKit.framework in Frameworks */ = {isa = PBXBuildFile; fileRef = B3CF23CE13F7A1FF00A4E532 /* UIKit.framework */; };
		B3CF23D013F7A1FF00A4E532 /* Foundation.framework in Frameworks */ = {isa = PBXBuildFile; fileRef = B3CF23BE13F7A1FF00A4E532 /* Foundation.framework */; };
		B3CF23D213F7A1FF00A4E532 /* CoreGraphics.framework in Frameworks */ = {isa = PBXBuildFile; fileRef = B3CF23D113F7A1FF00A4E532 /* CoreGraphics.framework */; };
		B3CF23D513F7A1FF00A4E532 /* liblibCronExpression.a in Frameworks */ = {isa = PBXBuildFile; fileRef = B3CF23BB13F7A1FF00A4E532 /* liblibCronExpression.a */; };
		B3CF23DB13F7A1FF00A4E532 /* InfoPlist.strings in Resources */ = {isa = PBXBuildFile; fileRef = B3CF23D913F7A1FF00A4E532 /* InfoPlist.strings */; };
		B3CF240113F7A2D000A4E532 /* CronExpression.h in Headers */ = {isa = PBXBuildFile; fileRef = B3CF23EE13F7A2D000A4E532 /* CronExpression.h */; settings = {ATTRIBUTES = (Private, ); }; };
		B3CF240213F7A2D000A4E532 /* CronExpression.m in Sources */ = {isa = PBXBuildFile; fileRef = B3CF23EF13F7A2D000A4E532 /* CronExpression.m */; };
		B3CF240313F7A2D000A4E532 /* DayOfMonthField.h in Headers */ = {isa = PBXBuildFile; fileRef = B3CF23F013F7A2D000A4E532 /* DayOfMonthField.h */; settings = {ATTRIBUTES = (Private, ); }; };
		B3CF240413F7A2D000A4E532 /* DayOfMonthField.m in Sources */ = {isa = PBXBuildFile; fileRef = B3CF23F113F7A2D000A4E532 /* DayOfMonthField.m */; };
		B3CF240513F7A2D000A4E532 /* DayOfWeekField.h in Headers */ = {isa = PBXBuildFile; fileRef = B3CF23F213F7A2D000A4E532 /* DayOfWeekField.h */; settings = {ATTRIBUTES = (Private, ); }; };
		B3CF240613F7A2D000A4E532 /* DayOfWeekField.m in Sources */ = {isa = PBXBuildFile; fileRef = B3CF23F313F7A2D000A4E532 /* DayOfWeekField.m */; };
		B3CF240713F7A2D000A4E532 /* Field.h in Headers */ = {isa = PBXBuildFile; fileRef = B3CF23F413F7A2D000A4E532 /* Field.h */; settings = {ATTRIBUTES = (Private, ); }; };
		B3CF240813F7A2D000A4E532 /* Field.m in Sources */ = {isa = PBXBuildFile; fileRef = B3CF23F513F7A2D000A4E532 /* Field.m */; };
		B3CF240913F7A2D000A4E532 /* FieldFactory.h in Headers */ = {isa = PBXBuildFile; fileRef = B3CF23F613F7A2D000A4E532 /* FieldFactory.h */; settings = {ATTRIBUTES = (Private, ); }; };
		B3CF240A13F7A2D000A4E532 /* FieldFactory.m in Sources */ = {isa = PBXBuildFile; fileRef = B3CF23F713F7A2D000A4E532 /* FieldFactory.m */; };
		B3CF240C13F7A2D000A4E532 /* HoursField.h in Headers */ = {isa = PBXBuildFile; fileRef = B3CF23F913F7A2D000A4E532 /* HoursField.h */; settings = {ATTRIBUTES = (Private, ); }; };
		B3CF240D13F7A2D000A4E532 /* HoursField.m in Sources */ = {isa = PBXBuildFile; fileRef = B3CF23FA13F7A2D000A4E532 /* HoursField.m */; };
		B3CF240E13F7A2D000A4E532 /* MinutesField.h in Headers */ = {isa = PBXBuildFile; fileRef = B3CF23FB13F7A2D000A4E532 /* MinutesField.h */; settings = {ATTRIBUTES = (Private, ); }; };
		B3CF240F13F7A2D000A4E532 /* MinutesField.m in Sources */ = {isa = PBXBuildFile; fileRef = B3CF23FC13F7A2D000A4E532 /* MinutesField.m */; };
		B3CF241013F7A2D000A4E532 /* MonthField.h in Headers */ = {isa = PBXBuildFile; fileRef = B3CF23FD13F7A2D000A4E532 /* MonthField.h */; settings = {ATTRIBUTES = (Private, ); }; };
		B3CF241113F7A2D000A4E532 /* MonthField.m in Sources */ = {isa = PBXBuildFile; fileRef = B3CF23FE13F7A2D000A4E532 /* MonthField.m */; };
		B3CF241213F7A2D000A4E532 /* YearField.h in Headers */ = {isa = PBXBuildFile; fileRef = B3CF23FF13F7A2D000A4E532 /* YearField.h */; settings = {ATTRIBUTES = (Private, ); }; };
		B3CF241313F7A2D000A4E532 /* YearField.m in Sources */ = {isa = PBXBuildFile; fileRef = B3CF240013F7A2D000A4E532 /* YearField.m */; };
		B3CF241813F7A49400A4E532 /* YearFieldTest.m in Sources */ = {isa = PBXBuildFile; fileRef = B3CF241513F7A3B700A4E532 /* YearFieldTest.m */; };
		B3CF241913F7A49F00A4E532 /* YearFieldTest.h in Resources */ = {isa = PBXBuildFile; fileRef = B3CF241413F7A3B700A4E532 /* YearFieldTest.h */; };
		B3CF241C13F7A88500A4E532 /* MinutesFieldTest.m in Sources */ = {isa = PBXBuildFile; fileRef = B3CF241B13F7A88500A4E532 /* MinutesFieldTest.m */; };
		B3CF241F13F7A92C00A4E532 /* HoursFieldTest.m in Sources */ = {isa = PBXBuildFile; fileRef = B3CF241E13F7A92C00A4E532 /* HoursFieldTest.m */; };
		B3CF242213F7A99700A4E532 /* FieldFactoryTest.m in Sources */ = {isa = PBXBuildFile; fileRef = B3CF242113F7A99700A4E532 /* FieldFactoryTest.m */; };
		B3CF242513F7C4EB00A4E532 /* DayOfWeekFieldTest.m in Sources */ = {isa = PBXBuildFile; fileRef = B3CF242413F7C4EB00A4E532 /* DayOfWeekFieldTest.m */; };
		B3CF242813F7F02800A4E532 /* DayOfMonthFieldTest.m in Sources */ = {isa = PBXBuildFile; fileRef = B3CF242713F7F02700A4E532 /* DayOfMonthFieldTest.m */; };
		E66F119C21C9E35B00AD011F /* SecondsField.h in Headers */ = {isa = PBXBuildFile; fileRef = E66F119821C9E35A00AD011F /* SecondsField.h */; };
		E66F119D21C9E35B00AD011F /* CronExpressionBuilder.m in Sources */ = {isa = PBXBuildFile; fileRef = E66F119921C9E35B00AD011F /* CronExpressionBuilder.m */; };
		E66F119E21C9E35B00AD011F /* SecondsField.m in Sources */ = {isa = PBXBuildFile; fileRef = E66F119A21C9E35B00AD011F /* SecondsField.m */; };
		E66F119F21C9E35B00AD011F /* CronExpressionBuilder.h in Headers */ = {isa = PBXBuildFile; fileRef = E66F119B21C9E35B00AD011F /* CronExpressionBuilder.h */; };
/* End PBXBuildFile section */

/* Begin PBXContainerItemProxy section */
		B3CF23D313F7A1FF00A4E532 /* PBXContainerItemProxy */ = {
			isa = PBXContainerItemProxy;
			containerPortal = B3CF23B213F7A1FF00A4E532 /* Project object */;
			proxyType = 1;
			remoteGlobalIDString = B3CF23BA13F7A1FF00A4E532;
			remoteInfo = libCronExpression;
		};
/* End PBXContainerItemProxy section */

/* Begin PBXFileReference section */
		B310809713FD3E5F00D67AC4 /* MonthFieldTest.h */ = {isa = PBXFileReference; fileEncoding = 4; lastKnownFileType = sourcecode.c.h; path = MonthFieldTest.h; sourceTree = "<group>"; };
		B310809813FD3E5F00D67AC4 /* MonthFieldTest.m */ = {isa = PBXFileReference; fileEncoding = 4; lastKnownFileType = sourcecode.c.objc; path = MonthFieldTest.m; sourceTree = "<group>"; };
		B310809A13FD42F300D67AC4 /* CronExpressionTest.h */ = {isa = PBXFileReference; fileEncoding = 4; lastKnownFileType = sourcecode.c.h; path = CronExpressionTest.h; sourceTree = "<group>"; };
		B310809B13FD42F300D67AC4 /* CronExpressionTest.m */ = {isa = PBXFileReference; fileEncoding = 4; lastKnownFileType = sourcecode.c.objc; path = CronExpressionTest.m; sourceTree = "<group>"; };
		B310809D13FD431A00D67AC4 /* FieldTest.h */ = {isa = PBXFileReference; fileEncoding = 4; lastKnownFileType = sourcecode.c.h; path = FieldTest.h; sourceTree = "<group>"; };
		B310809E13FD431A00D67AC4 /* FieldTest.m */ = {isa = PBXFileReference; fileEncoding = 4; lastKnownFileType = sourcecode.c.objc; path = FieldTest.m; sourceTree = "<group>"; };
		B3CF23BB13F7A1FF00A4E532 /* liblibCronExpression.a */ = {isa = PBXFileReference; explicitFileType = archive.ar; includeInIndex = 0; path = liblibCronExpression.a; sourceTree = BUILT_PRODUCTS_DIR; };
		B3CF23BE13F7A1FF00A4E532 /* Foundation.framework */ = {isa = PBXFileReference; lastKnownFileType = wrapper.framework; name = Foundation.framework; path = System/Library/Frameworks/Foundation.framework; sourceTree = SDKROOT; };
		B3CF23C213F7A1FF00A4E532 /* libCronExpression-Prefix.pch */ = {isa = PBXFileReference; lastKnownFileType = sourcecode.c.h; path = "libCronExpression-Prefix.pch"; sourceTree = "<group>"; };
		B3CF23CB13F7A1FF00A4E532 /* libCronExpressionTests.octest */ = {isa = PBXFileReference; explicitFileType = wrapper.cfbundle; includeInIndex = 0; path = libCronExpressionTests.octest; sourceTree = BUILT_PRODUCTS_DIR; };
		B3CF23CC13F7A1FF00A4E532 /* SenTestingKit.framework */ = {isa = PBXFileReference; lastKnownFileType = wrapper.framework; name = SenTestingKit.framework; path = Library/Frameworks/SenTestingKit.framework; sourceTree = DEVELOPER_DIR; };
		B3CF23CE13F7A1FF00A4E532 /* UIKit.framework */ = {isa = PBXFileReference; lastKnownFileType = wrapper.framework; name = UIKit.framework; path = Library/Frameworks/UIKit.framework; sourceTree = DEVELOPER_DIR; };
		B3CF23D113F7A1FF00A4E532 /* CoreGraphics.framework */ = {isa = PBXFileReference; lastKnownFileType = wrapper.framework; name = CoreGraphics.framework; path = Library/Frameworks/CoreGraphics.framework; sourceTree = DEVELOPER_DIR; };
		B3CF23D813F7A1FF00A4E532 /* libCronExpressionTests-Info.plist */ = {isa = PBXFileReference; lastKnownFileType = text.plist.xml; path = "libCronExpressionTests-Info.plist"; sourceTree = "<group>"; };
		B3CF23DA13F7A1FF00A4E532 /* en */ = {isa = PBXFileReference; lastKnownFileType = text.plist.strings; name = en; path = en.lproj/InfoPlist.strings; sourceTree = "<group>"; };
		B3CF23EE13F7A2D000A4E532 /* CronExpression.h */ = {isa = PBXFileReference; fileEncoding = 4; lastKnownFileType = sourcecode.c.h; path = CronExpression.h; sourceTree = "<group>"; };
		B3CF23EF13F7A2D000A4E532 /* CronExpression.m */ = {isa = PBXFileReference; fileEncoding = 4; lastKnownFileType = sourcecode.c.objc; path = CronExpression.m; sourceTree = "<group>"; };
		B3CF23F013F7A2D000A4E532 /* DayOfMonthField.h */ = {isa = PBXFileReference; fileEncoding = 4; lastKnownFileType = sourcecode.c.h; path = DayOfMonthField.h; sourceTree = "<group>"; };
		B3CF23F113F7A2D000A4E532 /* DayOfMonthField.m */ = {isa = PBXFileReference; fileEncoding = 4; lastKnownFileType = sourcecode.c.objc; path = DayOfMonthField.m; sourceTree = "<group>"; };
		B3CF23F213F7A2D000A4E532 /* DayOfWeekField.h */ = {isa = PBXFileReference; fileEncoding = 4; lastKnownFileType = sourcecode.c.h; path = DayOfWeekField.h; sourceTree = "<group>"; };
		B3CF23F313F7A2D000A4E532 /* DayOfWeekField.m */ = {isa = PBXFileReference; fileEncoding = 4; lastKnownFileType = sourcecode.c.objc; path = DayOfWeekField.m; sourceTree = "<group>"; };
		B3CF23F413F7A2D000A4E532 /* Field.h */ = {isa = PBXFileReference; fileEncoding = 4; lastKnownFileType = sourcecode.c.h; path = Field.h; sourceTree = "<group>"; };
		B3CF23F513F7A2D000A4E532 /* Field.m */ = {isa = PBXFileReference; fileEncoding = 4; lastKnownFileType = sourcecode.c.objc; path = Field.m; sourceTree = "<group>"; };
		B3CF23F613F7A2D000A4E532 /* FieldFactory.h */ = {isa = PBXFileReference; fileEncoding = 4; lastKnownFileType = sourcecode.c.h; path = FieldFactory.h; sourceTree = "<group>"; };
		B3CF23F713F7A2D000A4E532 /* FieldFactory.m */ = {isa = PBXFileReference; fileEncoding = 4; lastKnownFileType = sourcecode.c.objc; path = FieldFactory.m; sourceTree = "<group>"; };
		B3CF23F813F7A2D000A4E532 /* FieldInterface.h */ = {isa = PBXFileReference; fileEncoding = 4; lastKnownFileType = sourcecode.c.h; path = FieldInterface.h; sourceTree = "<group>"; };
		B3CF23F913F7A2D000A4E532 /* HoursField.h */ = {isa = PBXFileReference; fileEncoding = 4; lastKnownFileType = sourcecode.c.h; path = HoursField.h; sourceTree = "<group>"; };
		B3CF23FA13F7A2D000A4E532 /* HoursField.m */ = {isa = PBXFileReference; fileEncoding = 4; lastKnownFileType = sourcecode.c.objc; path = HoursField.m; sourceTree = "<group>"; };
		B3CF23FB13F7A2D000A4E532 /* MinutesField.h */ = {isa = PBXFileReference; fileEncoding = 4; lastKnownFileType = sourcecode.c.h; path = MinutesField.h; sourceTree = "<group>"; };
		B3CF23FC13F7A2D000A4E532 /* MinutesField.m */ = {isa = PBXFileReference; fileEncoding = 4; lastKnownFileType = sourcecode.c.objc; path = MinutesField.m; sourceTree = "<group>"; };
		B3CF23FD13F7A2D000A4E532 /* MonthField.h */ = {isa = PBXFileReference; fileEncoding = 4; lastKnownFileType = sourcecode.c.h; path = MonthField.h; sourceTree = "<group>"; };
		B3CF23FE13F7A2D000A4E532 /* MonthField.m */ = {isa = PBXFileReference; fileEncoding = 4; lastKnownFileType = sourcecode.c.objc; path = MonthField.m; sourceTree = "<group>"; };
		B3CF23FF13F7A2D000A4E532 /* YearField.h */ = {isa = PBXFileReference; fileEncoding = 4; lastKnownFileType = sourcecode.c.h; path = YearField.h; sourceTree = "<group>"; };
		B3CF240013F7A2D000A4E532 /* YearField.m */ = {isa = PBXFileReference; fileEncoding = 4; lastKnownFileType = sourcecode.c.objc; path = YearField.m; sourceTree = "<group>"; };
		B3CF241413F7A3B700A4E532 /* YearFieldTest.h */ = {isa = PBXFileReference; fileEncoding = 4; lastKnownFileType = sourcecode.c.h; path = YearFieldTest.h; sourceTree = "<group>"; };
		B3CF241513F7A3B700A4E532 /* YearFieldTest.m */ = {isa = PBXFileReference; fileEncoding = 4; lastKnownFileType = sourcecode.c.objc; path = YearFieldTest.m; sourceTree = "<group>"; };
		B3CF241A13F7A88500A4E532 /* MinutesFieldTest.h */ = {isa = PBXFileReference; fileEncoding = 4; lastKnownFileType = sourcecode.c.h; path = MinutesFieldTest.h; sourceTree = "<group>"; };
		B3CF241B13F7A88500A4E532 /* MinutesFieldTest.m */ = {isa = PBXFileReference; fileEncoding = 4; lastKnownFileType = sourcecode.c.objc; path = MinutesFieldTest.m; sourceTree = "<group>"; };
		B3CF241D13F7A92C00A4E532 /* HoursFieldTest.h */ = {isa = PBXFileReference; fileEncoding = 4; lastKnownFileType = sourcecode.c.h; path = HoursFieldTest.h; sourceTree = "<group>"; };
		B3CF241E13F7A92C00A4E532 /* HoursFieldTest.m */ = {isa = PBXFileReference; fileEncoding = 4; lastKnownFileType = sourcecode.c.objc; path = HoursFieldTest.m; sourceTree = "<group>"; };
		B3CF242013F7A99700A4E532 /* FieldFactoryTest.h */ = {isa = PBXFileReference; fileEncoding = 4; lastKnownFileType = sourcecode.c.h; path = FieldFactoryTest.h; sourceTree = "<group>"; };
		B3CF242113F7A99700A4E532 /* FieldFactoryTest.m */ = {isa = PBXFileReference; fileEncoding = 4; lastKnownFileType = sourcecode.c.objc; path = FieldFactoryTest.m; sourceTree = "<group>"; };
		B3CF242313F7C4EB00A4E532 /* DayOfWeekFieldTest.h */ = {isa = PBXFileReference; fileEncoding = 4; lastKnownFileType = sourcecode.c.h; path = DayOfWeekFieldTest.h; sourceTree = "<group>"; };
		B3CF242413F7C4EB00A4E532 /* DayOfWeekFieldTest.m */ = {isa = PBXFileReference; fileEncoding = 4; lastKnownFileType = sourcecode.c.objc; path = DayOfWeekFieldTest.m; sourceTree = "<group>"; };
		B3CF242613F7F02700A4E532 /* DayOfMonthFieldTest.h */ = {isa = PBXFileReference; fileEncoding = 4; lastKnownFileType = sourcecode.c.h; path = DayOfMonthFieldTest.h; sourceTree = "<group>"; };
		B3CF242713F7F02700A4E532 /* DayOfMonthFieldTest.m */ = {isa = PBXFileReference; fileEncoding = 4; lastKnownFileType = sourcecode.c.objc; path = DayOfMonthFieldTest.m; sourceTree = "<group>"; };
		E66F119821C9E35A00AD011F /* SecondsField.h */ = {isa = PBXFileReference; fileEncoding = 4; lastKnownFileType = sourcecode.c.h; path = SecondsField.h; sourceTree = "<group>"; };
		E66F119921C9E35B00AD011F /* CronExpressionBuilder.m */ = {isa = PBXFileReference; fileEncoding = 4; lastKnownFileType = sourcecode.c.objc; path = CronExpressionBuilder.m; sourceTree = "<group>"; };
		E66F119A21C9E35B00AD011F /* SecondsField.m */ = {isa = PBXFileReference; fileEncoding = 4; lastKnownFileType = sourcecode.c.objc; path = SecondsField.m; sourceTree = "<group>"; };
		E66F119B21C9E35B00AD011F /* CronExpressionBuilder.h */ = {isa = PBXFileReference; fileEncoding = 4; lastKnownFileType = sourcecode.c.h; path = CronExpressionBuilder.h; sourceTree = "<group>"; };
/* End PBXFileReference section */

/* Begin PBXFrameworksBuildPhase section */
		B3CF23B813F7A1FF00A4E532 /* Frameworks */ = {
			isa = PBXFrameworksBuildPhase;
			buildActionMask = 2147483647;
			files = (
				B3CF23BF13F7A1FF00A4E532 /* Foundation.framework in Frameworks */,
			);
			runOnlyForDeploymentPostprocessing = 0;
		};
		B3CF23C713F7A1FF00A4E532 /* Frameworks */ = {
			isa = PBXFrameworksBuildPhase;
			buildActionMask = 2147483647;
			files = (
				B3CF23CD13F7A1FF00A4E532 /* SenTestingKit.framework in Frameworks */,
				B3CF23CF13F7A1FF00A4E532 /* UIKit.framework in Frameworks */,
				B3CF23D013F7A1FF00A4E532 /* Foundation.framework in Frameworks */,
				B3CF23D213F7A1FF00A4E532 /* CoreGraphics.framework in Frameworks */,
				B3CF23D513F7A1FF00A4E532 /* liblibCronExpression.a in Frameworks */,
			);
			runOnlyForDeploymentPostprocessing = 0;
		};
/* End PBXFrameworksBuildPhase section */

/* Begin PBXGroup section */
		B3CF23B013F7A1FF00A4E532 = {
			isa = PBXGroup;
			children = (
				B3CF23C013F7A1FF00A4E532 /* libCronExpression */,
				B3CF23D613F7A1FF00A4E532 /* libCronExpressionTests */,
				B3CF23BD13F7A1FF00A4E532 /* Frameworks */,
				B3CF23BC13F7A1FF00A4E532 /* Products */,
			);
			sourceTree = "<group>";
		};
		B3CF23BC13F7A1FF00A4E532 /* Products */ = {
			isa = PBXGroup;
			children = (
				B3CF23BB13F7A1FF00A4E532 /* liblibCronExpression.a */,
				B3CF23CB13F7A1FF00A4E532 /* libCronExpressionTests.octest */,
			);
			name = Products;
			sourceTree = "<group>";
		};
		B3CF23BD13F7A1FF00A4E532 /* Frameworks */ = {
			isa = PBXGroup;
			children = (
				B3CF23BE13F7A1FF00A4E532 /* Foundation.framework */,
				B3CF23CC13F7A1FF00A4E532 /* SenTestingKit.framework */,
				B3CF23CE13F7A1FF00A4E532 /* UIKit.framework */,
				B3CF23D113F7A1FF00A4E532 /* CoreGraphics.framework */,
			);
			name = Frameworks;
			sourceTree = "<group>";
		};
		B3CF23C013F7A1FF00A4E532 /* libCronExpression */ = {
			isa = PBXGroup;
			children = (
				E66F119B21C9E35B00AD011F /* CronExpressionBuilder.h */,
				E66F119921C9E35B00AD011F /* CronExpressionBuilder.m */,
				E66F119821C9E35A00AD011F /* SecondsField.h */,
				E66F119A21C9E35B00AD011F /* SecondsField.m */,
				B3CF23EE13F7A2D000A4E532 /* CronExpression.h */,
				B3CF23EF13F7A2D000A4E532 /* CronExpression.m */,
				B3CF23F013F7A2D000A4E532 /* DayOfMonthField.h */,
				B3CF23F113F7A2D000A4E532 /* DayOfMonthField.m */,
				B3CF23F213F7A2D000A4E532 /* DayOfWeekField.h */,
				B3CF23F313F7A2D000A4E532 /* DayOfWeekField.m */,
				B3CF23F413F7A2D000A4E532 /* Field.h */,
				B3CF23F513F7A2D000A4E532 /* Field.m */,
				B3CF23F613F7A2D000A4E532 /* FieldFactory.h */,
				B3CF23F713F7A2D000A4E532 /* FieldFactory.m */,
				B3CF23F813F7A2D000A4E532 /* FieldInterface.h */,
				B3CF23F913F7A2D000A4E532 /* HoursField.h */,
				B3CF23FA13F7A2D000A4E532 /* HoursField.m */,
				B3CF23FB13F7A2D000A4E532 /* MinutesField.h */,
				B3CF23FC13F7A2D000A4E532 /* MinutesField.m */,
				B3CF23FD13F7A2D000A4E532 /* MonthField.h */,
				B3CF23FE13F7A2D000A4E532 /* MonthField.m */,
				B3CF23FF13F7A2D000A4E532 /* YearField.h */,
				B3CF240013F7A2D000A4E532 /* YearField.m */,
				B3CF23C113F7A1FF00A4E532 /* Supporting Files */,
			);
			path = libCronExpression;
			sourceTree = "<group>";
		};
		B3CF23C113F7A1FF00A4E532 /* Supporting Files */ = {
			isa = PBXGroup;
			children = (
				B3CF23C213F7A1FF00A4E532 /* libCronExpression-Prefix.pch */,
			);
			name = "Supporting Files";
			sourceTree = "<group>";
		};
		B3CF23D613F7A1FF00A4E532 /* libCronExpressionTests */ = {
			isa = PBXGroup;
			children = (
				B310809A13FD42F300D67AC4 /* CronExpressionTest.h */,
				B310809B13FD42F300D67AC4 /* CronExpressionTest.m */,
				B3CF242613F7F02700A4E532 /* DayOfMonthFieldTest.h */,
				B3CF242713F7F02700A4E532 /* DayOfMonthFieldTest.m */,
				B3CF242313F7C4EB00A4E532 /* DayOfWeekFieldTest.h */,
				B3CF242413F7C4EB00A4E532 /* DayOfWeekFieldTest.m */,
				B310809D13FD431A00D67AC4 /* FieldTest.h */,
				B310809E13FD431A00D67AC4 /* FieldTest.m */,
				B3CF242013F7A99700A4E532 /* FieldFactoryTest.h */,
				B3CF242113F7A99700A4E532 /* FieldFactoryTest.m */,
				B3CF241D13F7A92C00A4E532 /* HoursFieldTest.h */,
				B3CF241E13F7A92C00A4E532 /* HoursFieldTest.m */,
				B3CF241A13F7A88500A4E532 /* MinutesFieldTest.h */,
				B3CF241B13F7A88500A4E532 /* MinutesFieldTest.m */,
				B310809713FD3E5F00D67AC4 /* MonthFieldTest.h */,
				B310809813FD3E5F00D67AC4 /* MonthFieldTest.m */,
				B3CF241413F7A3B700A4E532 /* YearFieldTest.h */,
				B3CF241513F7A3B700A4E532 /* YearFieldTest.m */,
				B3CF23D713F7A1FF00A4E532 /* Supporting Files */,
			);
			path = libCronExpressionTests;
			sourceTree = "<group>";
		};
		B3CF23D713F7A1FF00A4E532 /* Supporting Files */ = {
			isa = PBXGroup;
			children = (
				B3CF23D813F7A1FF00A4E532 /* libCronExpressionTests-Info.plist */,
				B3CF23D913F7A1FF00A4E532 /* InfoPlist.strings */,
			);
			name = "Supporting Files";
			sourceTree = "<group>";
		};
/* End PBXGroup section */

/* Begin PBXHeadersBuildPhase section */
		B3CF23B913F7A1FF00A4E532 /* Headers */ = {
			isa = PBXHeadersBuildPhase;
			buildActionMask = 2147483647;
			files = (
				B3CF240113F7A2D000A4E532 /* CronExpression.h in Headers */,
				E66F119C21C9E35B00AD011F /* SecondsField.h in Headers */,
				B3CF240313F7A2D000A4E532 /* DayOfMonthField.h in Headers */,
				E66F119F21C9E35B00AD011F /* CronExpressionBuilder.h in Headers */,
				B3CF240513F7A2D000A4E532 /* DayOfWeekField.h in Headers */,
				B3CF240713F7A2D000A4E532 /* Field.h in Headers */,
				B3CF240913F7A2D000A4E532 /* FieldFactory.h in Headers */,
				B3CF240C13F7A2D000A4E532 /* HoursField.h in Headers */,
				B3CF240E13F7A2D000A4E532 /* MinutesField.h in Headers */,
				B3CF241013F7A2D000A4E532 /* MonthField.h in Headers */,
				B3CF241213F7A2D000A4E532 /* YearField.h in Headers */,
			);
			runOnlyForDeploymentPostprocessing = 0;
		};
/* End PBXHeadersBuildPhase section */

/* Begin PBXNativeTarget section */
		B3CF23BA13F7A1FF00A4E532 /* libCronExpression */ = {
			isa = PBXNativeTarget;
			buildConfigurationList = B3CF23E213F7A1FF00A4E532 /* Build configuration list for PBXNativeTarget "libCronExpression" */;
			buildPhases = (
				B3CF23B713F7A1FF00A4E532 /* Sources */,
				B3CF23B813F7A1FF00A4E532 /* Frameworks */,
				B3CF23B913F7A1FF00A4E532 /* Headers */,
			);
			buildRules = (
			);
			dependencies = (
			);
			name = libCronExpression;
			productName = libCronExpression;
			productReference = B3CF23BB13F7A1FF00A4E532 /* liblibCronExpression.a */;
			productType = "com.apple.product-type.library.static";
		};
		B3CF23CA13F7A1FF00A4E532 /* libCronExpressionTests */ = {
			isa = PBXNativeTarget;
			buildConfigurationList = B3CF23E513F7A1FF00A4E532 /* Build configuration list for PBXNativeTarget "libCronExpressionTests" */;
			buildPhases = (
				B3CF23C613F7A1FF00A4E532 /* Sources */,
				B3CF23C713F7A1FF00A4E532 /* Frameworks */,
				B3CF23C813F7A1FF00A4E532 /* Resources */,
				B3CF23C913F7A1FF00A4E532 /* ShellScript */,
			);
			buildRules = (
			);
			dependencies = (
				B3CF23D413F7A1FF00A4E532 /* PBXTargetDependency */,
			);
			name = libCronExpressionTests;
			productName = libCronExpressionTests;
			productReference = B3CF23CB13F7A1FF00A4E532 /* libCronExpressionTests.octest */;
			productType = "com.apple.product-type.bundle";
		};
/* End PBXNativeTarget section */

/* Begin PBXProject section */
		B3CF23B213F7A1FF00A4E532 /* Project object */ = {
			isa = PBXProject;
			attributes = {
				LastUpgradeCheck = 0920;
			};
			buildConfigurationList = B3CF23B513F7A1FF00A4E532 /* Build configuration list for PBXProject "libCronExpression" */;
			compatibilityVersion = "Xcode 3.2";
			developmentRegion = English;
			hasScannedForEncodings = 0;
			knownRegions = (
				en,
			);
			mainGroup = B3CF23B013F7A1FF00A4E532;
			productRefGroup = B3CF23BC13F7A1FF00A4E532 /* Products */;
			projectDirPath = "";
			projectRoot = "";
			targets = (
				B3CF23BA13F7A1FF00A4E532 /* libCronExpression */,
				B3CF23CA13F7A1FF00A4E532 /* libCronExpressionTests */,
			);
		};
/* End PBXProject section */

/* Begin PBXResourcesBuildPhase section */
		B3CF23C813F7A1FF00A4E532 /* Resources */ = {
			isa = PBXResourcesBuildPhase;
			buildActionMask = 2147483647;
			files = (
				B3CF241913F7A49F00A4E532 /* YearFieldTest.h in Resources */,
				B3CF23DB13F7A1FF00A4E532 /* InfoPlist.strings in Resources */,
			);
			runOnlyForDeploymentPostprocessing = 0;
		};
/* End PBXResourcesBuildPhase section */

/* Begin PBXShellScriptBuildPhase section */
		B3CF23C913F7A1FF00A4E532 /* ShellScript */ = {
			isa = PBXShellScriptBuildPhase;
			buildActionMask = 2147483647;
			files = (
			);
			inputPaths = (
			);
			outputPaths = (
			);
			runOnlyForDeploymentPostprocessing = 0;
			shellPath = /bin/sh;
			shellScript = "# Run the unit tests in this test bundle.\n\"${SYSTEM_DEVELOPER_DIR}/Tools/RunUnitTests\"\n";
		};
/* End PBXShellScriptBuildPhase section */

/* Begin PBXSourcesBuildPhase section */
		B3CF23B713F7A1FF00A4E532 /* Sources */ = {
			isa = PBXSourcesBuildPhase;
			buildActionMask = 2147483647;
			files = (
				E66F119E21C9E35B00AD011F /* SecondsField.m in Sources */,
				B3CF240213F7A2D000A4E532 /* CronExpression.m in Sources */,
				B3CF240413F7A2D000A4E532 /* DayOfMonthField.m in Sources */,
				B3CF240613F7A2D000A4E532 /* DayOfWeekField.m in Sources */,
				B3CF240813F7A2D000A4E532 /* Field.m in Sources */,
				B3CF240A13F7A2D000A4E532 /* FieldFactory.m in Sources */,
				E66F119D21C9E35B00AD011F /* CronExpressionBuilder.m in Sources */,
				B3CF240D13F7A2D000A4E532 /* HoursField.m in Sources */,
				B3CF240F13F7A2D000A4E532 /* MinutesField.m in Sources */,
				B3CF241113F7A2D000A4E532 /* MonthField.m in Sources */,
				B3CF241313F7A2D000A4E532 /* YearField.m in Sources */,
			);
			runOnlyForDeploymentPostprocessing = 0;
		};
		B3CF23C613F7A1FF00A4E532 /* Sources */ = {
			isa = PBXSourcesBuildPhase;
			buildActionMask = 2147483647;
			files = (
				B3CF241813F7A49400A4E532 /* YearFieldTest.m in Sources */,
				B3CF241C13F7A88500A4E532 /* MinutesFieldTest.m in Sources */,
				B3CF241F13F7A92C00A4E532 /* HoursFieldTest.m in Sources */,
				B3CF242213F7A99700A4E532 /* FieldFactoryTest.m in Sources */,
				B3CF242513F7C4EB00A4E532 /* DayOfWeekFieldTest.m in Sources */,
				B3CF242813F7F02800A4E532 /* DayOfMonthFieldTest.m in Sources */,
				B310809913FD3E5F00D67AC4 /* MonthFieldTest.m in Sources */,
				B310809C13FD42F300D67AC4 /* CronExpressionTest.m in Sources */,
				B310809F13FD431A00D67AC4 /* FieldTest.m in Sources */,
			);
			runOnlyForDeploymentPostprocessing = 0;
		};
/* End PBXSourcesBuildPhase section */

/* Begin PBXTargetDependency section */
		B3CF23D413F7A1FF00A4E532 /* PBXTargetDependency */ = {
			isa = PBXTargetDependency;
			target = B3CF23BA13F7A1FF00A4E532 /* libCronExpression */;
			targetProxy = B3CF23D313F7A1FF00A4E532 /* PBXContainerItemProxy */;
		};
/* End PBXTargetDependency section */

/* Begin PBXVariantGroup section */
		B3CF23D913F7A1FF00A4E532 /* InfoPlist.strings */ = {
			isa = PBXVariantGroup;
			children = (
				B3CF23DA13F7A1FF00A4E532 /* en */,
			);
			name = InfoPlist.strings;
			sourceTree = "<group>";
		};
/* End PBXVariantGroup section */

/* Begin XCBuildConfiguration section */
		B3CF23E013F7A1FF00A4E532 /* Debug */ = {
			isa = XCBuildConfiguration;
			buildSettings = {
				ALWAYS_SEARCH_USER_PATHS = NO;
				CLANG_WARN_BLOCK_CAPTURE_AUTORELEASING = YES;
				CLANG_WARN_BOOL_CONVERSION = YES;
				CLANG_WARN_COMMA = YES;
				CLANG_WARN_CONSTANT_CONVERSION = YES;
				CLANG_WARN_EMPTY_BODY = YES;
				CLANG_WARN_ENUM_CONVERSION = YES;
				CLANG_WARN_INFINITE_RECURSION = YES;
				CLANG_WARN_INT_CONVERSION = YES;
				CLANG_WARN_NON_LITERAL_NULL_CONVERSION = YES;
				CLANG_WARN_OBJC_LITERAL_CONVERSION = YES;
				CLANG_WARN_RANGE_LOOP_ANALYSIS = YES;
				CLANG_WARN_STRICT_PROTOTYPES = YES;
				CLANG_WARN_SUSPICIOUS_MOVE = YES;
				CLANG_WARN_UNREACHABLE_CODE = YES;
				CLANG_WARN__DUPLICATE_METHOD_MATCH = YES;
				COPY_PHASE_STRIP = NO;
				ENABLE_STRICT_OBJC_MSGSEND = YES;
				ENABLE_TESTABILITY = YES;
				GCC_C_LANGUAGE_STANDARD = gnu99;
				GCC_DYNAMIC_NO_PIC = NO;
				GCC_NO_COMMON_BLOCKS = YES;
				GCC_OPTIMIZATION_LEVEL = 0;
				GCC_PREPROCESSOR_DEFINITIONS = (
					"DEBUG=1",
					"$(inherited)",
				);
				GCC_SYMBOLS_PRIVATE_EXTERN = NO;
				GCC_VERSION = "";
				GCC_WARN_64_TO_32_BIT_CONVERSION = YES;
				GCC_WARN_ABOUT_MISSING_PROTOTYPES = YES;
				GCC_WARN_ABOUT_RETURN_TYPE = YES;
				GCC_WARN_UNDECLARED_SELECTOR = YES;
				GCC_WARN_UNINITIALIZED_AUTOS = YES;
				GCC_WARN_UNUSED_FUNCTION = YES;
				GCC_WARN_UNUSED_VARIABLE = YES;
				IPHONEOS_DEPLOYMENT_TARGET = 8.0;
				ONLY_ACTIVE_ARCH = YES;
				SDKROOT = iphoneos;
			};
			name = Debug;
		};
		B3CF23E113F7A1FF00A4E532 /* Release */ = {
			isa = XCBuildConfiguration;
			buildSettings = {
				ALWAYS_SEARCH_USER_PATHS = NO;
				CLANG_WARN_BLOCK_CAPTURE_AUTORELEASING = YES;
				CLANG_WARN_BOOL_CONVERSION = YES;
				CLANG_WARN_COMMA = YES;
				CLANG_WARN_CONSTANT_CONVERSION = YES;
				CLANG_WARN_EMPTY_BODY = YES;
				CLANG_WARN_ENUM_CONVERSION = YES;
				CLANG_WARN_INFINITE_RECURSION = YES;
				CLANG_WARN_INT_CONVERSION = YES;
				CLANG_WARN_NON_LITERAL_NULL_CONVERSION = YES;
				CLANG_WARN_OBJC_LITERAL_CONVERSION = YES;
				CLANG_WARN_RANGE_LOOP_ANALYSIS = YES;
				CLANG_WARN_STRICT_PROTOTYPES = YES;
				CLANG_WARN_SUSPICIOUS_MOVE = YES;
				CLANG_WARN_UNREACHABLE_CODE = YES;
				CLANG_WARN__DUPLICATE_METHOD_MATCH = YES;
				COPY_PHASE_STRIP = YES;
				ENABLE_STRICT_OBJC_MSGSEND = YES;
				GCC_C_LANGUAGE_STANDARD = gnu99;
				GCC_NO_COMMON_BLOCKS = YES;
				GCC_VERSION = "";
				GCC_WARN_64_TO_32_BIT_CONVERSION = YES;
				GCC_WARN_ABOUT_MISSING_PROTOTYPES = YES;
				GCC_WARN_ABOUT_RETURN_TYPE = YES;
				GCC_WARN_UNDECLARED_SELECTOR = YES;
				GCC_WARN_UNINITIALIZED_AUTOS = YES;
				GCC_WARN_UNUSED_FUNCTION = YES;
				GCC_WARN_UNUSED_VARIABLE = YES;
				IPHONEOS_DEPLOYMENT_TARGET = 8.0;
				SDKROOT = iphoneos;
				VALIDATE_PRODUCT = YES;
			};
			name = Release;
		};
		B3CF23E313F7A1FF00A4E532 /* Debug */ = {
			isa = XCBuildConfiguration;
			buildSettings = {
				DSTROOT = /tmp/libCronExpression.dst;
				GCC_PRECOMPILE_PREFIX_HEADER = YES;
				GCC_PREFIX_HEADER = "libCronExpression/libCronExpression-Prefix.pch";
				OTHER_LDFLAGS = "-ObjC";
				PRODUCT_NAME = "$(TARGET_NAME)";
				SKIP_INSTALL = YES;
			};
			name = Debug;
		};
		B3CF23E413F7A1FF00A4E532 /* Release */ = {
			isa = XCBuildConfiguration;
			buildSettings = {
				DSTROOT = /tmp/libCronExpression.dst;
				GCC_PRECOMPILE_PREFIX_HEADER = YES;
				GCC_PREFIX_HEADER = "libCronExpression/libCronExpression-Prefix.pch";
				OTHER_LDFLAGS = "-ObjC";
				PRODUCT_NAME = "$(TARGET_NAME)";
				SKIP_INSTALL = YES;
			};
			name = Release;
		};
		B3CF23E613F7A1FF00A4E532 /* Debug */ = {
			isa = XCBuildConfiguration;
			buildSettings = {
				FRAMEWORK_SEARCH_PATHS = (
					"$(SDKROOT)/Developer/Library/Frameworks",
					"$(DEVELOPER_LIBRARY_DIR)/Frameworks",
				);
				GCC_PRECOMPILE_PREFIX_HEADER = YES;
				GCC_PREFIX_HEADER = "libCronExpression/libCronExpression-Prefix.pch";
				INFOPLIST_FILE = "libCronExpressionTests/libCronExpressionTests-Info.plist";
				PRODUCT_BUNDLE_IDENTIFIER = "___VARIABLE_bundleIdentifierPrefix:bundleIdentifier___.${PRODUCT_NAME:rfc1034identifier}";
				PRODUCT_NAME = "$(TARGET_NAME)";
				WRAPPER_EXTENSION = octest;
			};
			name = Debug;
		};
		B3CF23E713F7A1FF00A4E532 /* Release */ = {
			isa = XCBuildConfiguration;
			buildSettings = {
				FRAMEWORK_SEARCH_PATHS = (
					"$(SDKROOT)/Developer/Library/Frameworks",
					"$(DEVELOPER_LIBRARY_DIR)/Frameworks",
				);
				GCC_PRECOMPILE_PREFIX_HEADER = YES;
				GCC_PREFIX_HEADER = "libCronExpression/libCronExpression-Prefix.pch";
				INFOPLIST_FILE = "libCronExpressionTests/libCronExpressionTests-Info.plist";
				PRODUCT_BUNDLE_IDENTIFIER = "___VARIABLE_bundleIdentifierPrefix:bundleIdentifier___.${PRODUCT_NAME:rfc1034identifier}";
				PRODUCT_NAME = "$(TARGET_NAME)";
				WRAPPER_EXTENSION = octest;
			};
			name = Release;
		};
/* End XCBuildConfiguration section */

/* Begin XCConfigurationList section */
		B3CF23B513F7A1FF00A4E532 /* Build configuration list for PBXProject "libCronExpression" */ = {
			isa = XCConfigurationList;
			buildConfigurations = (
				B3CF23E013F7A1FF00A4E532 /* Debug */,
				B3CF23E113F7A1FF00A4E532 /* Release */,
			);
			defaultConfigurationIsVisible = 0;
			defaultConfigurationName = Release;
		};
		B3CF23E213F7A1FF00A4E532 /* Build configuration list for PBXNativeTarget "libCronExpression" */ = {
			isa = XCConfigurationList;
			buildConfigurations = (
				B3CF23E313F7A1FF00A4E532 /* Debug */,
				B3CF23E413F7A1FF00A4E532 /* Release */,
			);
			defaultConfigurationIsVisible = 0;
			defaultConfigurationName = Release;
		};
		B3CF23E513F7A1FF00A4E532 /* Build configuration list for PBXNativeTarget "libCronExpressionTests" */ = {
			isa = XCConfigurationList;
			buildConfigurations = (
				B3CF23E613F7A1FF00A4E532 /* Debug */,
				B3CF23E713F7A1FF00A4E532 /* Release */,
			);
			defaultConfigurationIsVisible = 0;
			defaultConfigurationName = Release;
		};
/* End XCConfigurationList section */
	};
	rootObject = B3CF23B213F7A1FF00A4E532 /* Project object */;
}
