// !$*UTF8*$!
{
	archiveVersion = 1;
	classes = {
	};
	objectVersion = 46;
	objects = {

/* Begin PBXBuildFile section */
		8679D2751CE1F4730071D783 /* AppDelegate.swift in Sources */ = {isa = PBXBuildFile; fileRef = 8679D2741CE1F4730071D783 /* AppDelegate.swift */; };
		8679D2771CE1F4730071D783 /* ViewController.swift in Sources */ = {isa = PBXBuildFile; fileRef = 8679D2761CE1F4730071D783 /* ViewController.swift */; };
		8679D27A1CE1F4730071D783 /* Main.storyboard in Resources */ = {isa = PBXBuildFile; fileRef = 8679D2781CE1F4730071D783 /* Main.storyboard */; };
		8679D27C1CE1F4730071D783 /* Assets.xcassets in Resources */ = {isa = PBXBuildFile; fileRef = 8679D27B1CE1F4730071D783 /* Assets.xcassets */; };
		8679D27F1CE1F4730071D783 /* LaunchScreen.storyboard in Resources */ = {isa = PBXBuildFile; fileRef = 8679D27D1CE1F4730071D783 /* LaunchScreen.storyboard */; };
		8679D2A91CE1F5140071D783 /* DayTests.swift in Sources */ = {isa = PBXBuildFile; fileRef = 8679D2A71CE1F5140071D783 /* DayTests.swift */; };
		8679D2AA1CE1F5140071D783 /* HourTests.swift in Sources */ = {isa = PBXBuildFile; fileRef = 8679D2A81CE1F5140071D783 /* HourTests.swift */; };
		8679D2B11CE1F51F0071D783 /* MinuteTests.swift in Sources */ = {isa = PBXBuildFile; fileRef = 8679D2AB1CE1F51F0071D783 /* MinuteTests.swift */; };
		8679D2B21CE1F51F0071D783 /* MonthTests.swift in Sources */ = {isa = PBXBuildFile; fileRef = 8679D2AC1CE1F51F0071D783 /* MonthTests.swift */; };
		8679D2B31CE1F51F0071D783 /* SwiftCronTests.swift in Sources */ = {isa = PBXBuildFile; fileRef = 8679D2AD1CE1F51F0071D783 /* SwiftCronTests.swift */; };
		8679D2B41CE1F51F0071D783 /* TestData.swift in Sources */ = {isa = PBXBuildFile; fileRef = 8679D2AE1CE1F51F0071D783 /* TestData.swift */; };
		8679D2B51CE1F51F0071D783 /* WeekdayTests.swift in Sources */ = {isa = PBXBuildFile; fileRef = 8679D2AF1CE1F51F0071D783 /* WeekdayTests.swift */; };
		8679D2B61CE1F51F0071D783 /* YearTests.swift in Sources */ = {isa = PBXBuildFile; fileRef = 8679D2B01CE1F51F0071D783 /* YearTests.swift */; };
		8679D2B81CE1FA760071D783 /* DescriptionTests.swift in Sources */ = {isa = PBXBuildFile; fileRef = 8679D2B71CE1FA760071D783 /* DescriptionTests.swift */; };
		E048D8BD8613C0CAF3BB4824 /* Pods_SwiftCronExample.framework in Frameworks */ = {isa = PBXBuildFile; fileRef = EB8E7C90A033C373325A9FC6 /* Pods_SwiftCronExample.framework */; };
		FDCC4D322535804B48C02ECA /* Pods_SwiftCronExampleTests.framework in Frameworks */ = {isa = PBXBuildFile; fileRef = 9A585942BE5510532D56F9F1 /* Pods_SwiftCronExampleTests.framework */; };
/* End PBXBuildFile section */

/* Begin PBXContainerItemProxy section */
		8679D2861CE1F4740071D783 /* PBXContainerItemProxy */ = {
			isa = PBXContainerItemProxy;
			containerPortal = 8679D2691CE1F4730071D783 /* Project object */;
			proxyType = 1;
			remoteGlobalIDString = 8679D2701CE1F4730071D783;
			remoteInfo = SwiftCronExample;
		};
/* End PBXContainerItemProxy section */

/* Begin PBXFileReference section */
		0F8ABF1B000AF874C484BB4D /* Pods-SwiftCronExample.debug.xcconfig */ = {isa = PBXFileReference; includeInIndex = 1; lastKnownFileType = text.xcconfig; name = "Pods-SwiftCronExample.debug.xcconfig"; path = "Pods/Target Support Files/Pods-SwiftCronExample/Pods-SwiftCronExample.debug.xcconfig"; sourceTree = "<group>"; };
		4E2C5421749CD7878ECB54E4 /* Pods-SwiftCronExampleTests.debug.xcconfig */ = {isa = PBXFileReference; includeInIndex = 1; lastKnownFileType = text.xcconfig; name = "Pods-SwiftCronExampleTests.debug.xcconfig"; path = "Pods/Target Support Files/Pods-SwiftCronExampleTests/Pods-SwiftCronExampleTests.debug.xcconfig"; sourceTree = "<group>"; };
		8679D2711CE1F4730071D783 /* SwiftCronExample.app */ = {isa = PBXFileReference; explicitFileType = wrapper.application; includeInIndex = 0; path = SwiftCronExample.app; sourceTree = BUILT_PRODUCTS_DIR; };
		8679D2741CE1F4730071D783 /* AppDelegate.swift */ = {isa = PBXFileReference; lastKnownFileType = sourcecode.swift; path = AppDelegate.swift; sourceTree = "<group>"; };
		8679D2761CE1F4730071D783 /* ViewController.swift */ = {isa = PBXFileReference; lastKnownFileType = sourcecode.swift; path = ViewController.swift; sourceTree = "<group>"; };
		8679D2791CE1F4730071D783 /* Base */ = {isa = PBXFileReference; lastKnownFileType = file.storyboard; name = Base; path = Base.lproj/Main.storyboard; sourceTree = "<group>"; };
		8679D27B1CE1F4730071D783 /* Assets.xcassets */ = {isa = PBXFileReference; lastKnownFileType = folder.assetcatalog; path = Assets.xcassets; sourceTree = "<group>"; };
		8679D27E1CE1F4730071D783 /* Base */ = {isa = PBXFileReference; lastKnownFileType = file.storyboard; name = Base; path = Base.lproj/LaunchScreen.storyboard; sourceTree = "<group>"; };
		8679D2801CE1F4730071D783 /* Info.plist */ = {isa = PBXFileReference; lastKnownFileType = text.plist.xml; path = Info.plist; sourceTree = "<group>"; };
		8679D2851CE1F4740071D783 /* SwiftCronExampleTests.xctest */ = {isa = PBXFileReference; explicitFileType = wrapper.cfbundle; includeInIndex = 0; path = SwiftCronExampleTests.xctest; sourceTree = BUILT_PRODUCTS_DIR; };
		8679D28B1CE1F4740071D783 /* Info.plist */ = {isa = PBXFileReference; lastKnownFileType = text.plist.xml; path = Info.plist; sourceTree = "<group>"; };
		8679D2A61CE1F5130071D783 /* SwiftCronExampleTests-Bridging-Header.h */ = {isa = PBXFileReference; lastKnownFileType = sourcecode.c.h; path = "SwiftCronExampleTests-Bridging-Header.h"; sourceTree = "<group>"; };
		8679D2A71CE1F5140071D783 /* DayTests.swift */ = {isa = PBXFileReference; fileEncoding = 4; lastKnownFileType = sourcecode.swift; path = DayTests.swift; sourceTree = "<group>"; };
		8679D2A81CE1F5140071D783 /* HourTests.swift */ = {isa = PBXFileReference; fileEncoding = 4; lastKnownFileType = sourcecode.swift; path = HourTests.swift; sourceTree = "<group>"; };
		8679D2AB1CE1F51F0071D783 /* MinuteTests.swift */ = {isa = PBXFileReference; fileEncoding = 4; lastKnownFileType = sourcecode.swift; path = MinuteTests.swift; sourceTree = "<group>"; };
		8679D2AC1CE1F51F0071D783 /* MonthTests.swift */ = {isa = PBXFileReference; fileEncoding = 4; lastKnownFileType = sourcecode.swift; path = MonthTests.swift; sourceTree = "<group>"; };
		8679D2AD1CE1F51F0071D783 /* SwiftCronTests.swift */ = {isa = PBXFileReference; fileEncoding = 4; lastKnownFileType = sourcecode.swift; path = SwiftCronTests.swift; sourceTree = "<group>"; };
		8679D2AE1CE1F51F0071D783 /* TestData.swift */ = {isa = PBXFileReference; fileEncoding = 4; lastKnownFileType = sourcecode.swift; path = TestData.swift; sourceTree = "<group>"; };
		8679D2AF1CE1F51F0071D783 /* WeekdayTests.swift */ = {isa = PBXFileReference; fileEncoding = 4; lastKnownFileType = sourcecode.swift; path = WeekdayTests.swift; sourceTree = "<group>"; };
		8679D2B01CE1F51F0071D783 /* YearTests.swift */ = {isa = PBXFileReference; fileEncoding = 4; lastKnownFileType = sourcecode.swift; path = YearTests.swift; sourceTree = "<group>"; };
		8679D2B71CE1FA760071D783 /* DescriptionTests.swift */ = {isa = PBXFileReference; fileEncoding = 4; lastKnownFileType = sourcecode.swift; path = DescriptionTests.swift; sourceTree = "<group>"; };
		86D78E8B1CF58EEE000CAD8A /* SwiftCron.framework */ = {isa = PBXFileReference; lastKnownFileType = wrapper.framework; name = SwiftCron.framework; path = "../../../Library/Developer/Xcode/DerivedData/SwiftCronExample-cjweqqzmcjxhcufttvfiyyabbzfi/Build/Products/Debug-iphonesimulator/SwiftCron/SwiftCron.framework"; sourceTree = "<group>"; };
		95BBA9DA1D0C16C3004C765A /* SwiftCron.framework */ = {isa = PBXFileReference; lastKnownFileType = wrapper.framework; name = SwiftCron.framework; path = "../../../Library/Developer/Xcode/DerivedData/SwiftCronExample-adstpubkvtswoaboiajnrzswdzah/Build/Products/Debug-iphonesimulator/SwiftCron/SwiftCron.framework"; sourceTree = "<group>"; };
		9A585942BE5510532D56F9F1 /* Pods_SwiftCronExampleTests.framework */ = {isa = PBXFileReference; explicitFileType = wrapper.framework; includeInIndex = 0; path = Pods_SwiftCronExampleTests.framework; sourceTree = BUILT_PRODUCTS_DIR; };
		9FC712B82D2D075E149E73AB /* Pods-SwiftCronExampleTests.release.xcconfig */ = {isa = PBXFileReference; includeInIndex = 1; lastKnownFileType = text.xcconfig; name = "Pods-SwiftCronExampleTests.release.xcconfig"; path = "Pods/Target Support Files/Pods-SwiftCronExampleTests/Pods-SwiftCronExampleTests.release.xcconfig"; sourceTree = "<group>"; };
		A8CB7B09FFB21F86177ED344 /* Pods-SwiftCronExample.release.xcconfig */ = {isa = PBXFileReference; includeInIndex = 1; lastKnownFileType = text.xcconfig; name = "Pods-SwiftCronExample.release.xcconfig"; path = "Pods/Target Support Files/Pods-SwiftCronExample/Pods-SwiftCronExample.release.xcconfig"; sourceTree = "<group>"; };
		EB8E7C90A033C373325A9FC6 /* Pods_SwiftCronExample.framework */ = {isa = PBXFileReference; explicitFileType = wrapper.framework; includeInIndex = 0; path = Pods_SwiftCronExample.framework; sourceTree = BUILT_PRODUCTS_DIR; };
/* End PBXFileReference section */

/* Begin PBXFrameworksBuildPhase section */
		8679D26E1CE1F4730071D783 /* Frameworks */ = {
			isa = PBXFrameworksBuildPhase;
			buildActionMask = 2147483647;
			files = (
				E048D8BD8613C0CAF3BB4824 /* Pods_SwiftCronExample.framework in Frameworks */,
			);
			runOnlyForDeploymentPostprocessing = 0;
		};
		8679D2821CE1F4740071D783 /* Frameworks */ = {
			isa = PBXFrameworksBuildPhase;
			buildActionMask = 2147483647;
			files = (
				FDCC4D322535804B48C02ECA /* Pods_SwiftCronExampleTests.framework in Frameworks */,
			);
			runOnlyForDeploymentPostprocessing = 0;
		};
/* End PBXFrameworksBuildPhase section */

/* Begin PBXGroup section */
		4C8B47A9EA0B22235461D031 /* Frameworks */ = {
			isa = PBXGroup;
			children = (
				95BBA9DA1D0C16C3004C765A /* SwiftCron.framework */,
				86D78E8B1CF58EEE000CAD8A /* SwiftCron.framework */,
				EB8E7C90A033C373325A9FC6 /* Pods_SwiftCronExample.framework */,
				9A585942BE5510532D56F9F1 /* Pods_SwiftCronExampleTests.framework */,
			);
			name = Frameworks;
			sourceTree = "<group>";
		};
		7714A611C69AD2EBBC5DE2B2 /* Pods */ = {
			isa = PBXGroup;
			children = (
				0F8ABF1B000AF874C484BB4D /* Pods-SwiftCronExample.debug.xcconfig */,
				A8CB7B09FFB21F86177ED344 /* Pods-SwiftCronExample.release.xcconfig */,
				4E2C5421749CD7878ECB54E4 /* Pods-SwiftCronExampleTests.debug.xcconfig */,
				9FC712B82D2D075E149E73AB /* Pods-SwiftCronExampleTests.release.xcconfig */,
			);
			name = Pods;
			sourceTree = "<group>";
		};
		8679D2681CE1F4730071D783 = {
			isa = PBXGroup;
			children = (
				8679D2731CE1F4730071D783 /* SwiftCronExample */,
				8679D2881CE1F4740071D783 /* SwiftCronExampleTests */,
				8679D2721CE1F4730071D783 /* Products */,
				7714A611C69AD2EBBC5DE2B2 /* Pods */,
				4C8B47A9EA0B22235461D031 /* Frameworks */,
			);
			sourceTree = "<group>";
		};
		8679D2721CE1F4730071D783 /* Products */ = {
			isa = PBXGroup;
			children = (
				8679D2711CE1F4730071D783 /* SwiftCronExample.app */,
				8679D2851CE1F4740071D783 /* SwiftCronExampleTests.xctest */,
			);
			name = Products;
			sourceTree = "<group>";
		};
		8679D2731CE1F4730071D783 /* SwiftCronExample */ = {
			isa = PBXGroup;
			children = (
				8679D2741CE1F4730071D783 /* AppDelegate.swift */,
				8679D2761CE1F4730071D783 /* ViewController.swift */,
				8679D2781CE1F4730071D783 /* Main.storyboard */,
				8679D27B1CE1F4730071D783 /* Assets.xcassets */,
				8679D27D1CE1F4730071D783 /* LaunchScreen.storyboard */,
				8679D2801CE1F4730071D783 /* Info.plist */,
			);
			path = SwiftCronExample;
			sourceTree = "<group>";
		};
		8679D2881CE1F4740071D783 /* SwiftCronExampleTests */ = {
			isa = PBXGroup;
			children = (
				8679D2A71CE1F5140071D783 /* DayTests.swift */,
				8679D2AB1CE1F51F0071D783 /* MinuteTests.swift */,
				8679D2AC1CE1F51F0071D783 /* MonthTests.swift */,
				8679D2AD1CE1F51F0071D783 /* SwiftCronTests.swift */,
				8679D2AE1CE1F51F0071D783 /* TestData.swift */,
				8679D2AF1CE1F51F0071D783 /* WeekdayTests.swift */,
				8679D2B01CE1F51F0071D783 /* YearTests.swift */,
				8679D2A81CE1F5140071D783 /* HourTests.swift */,
				8679D28B1CE1F4740071D783 /* Info.plist */,
				8679D2A61CE1F5130071D783 /* SwiftCronExampleTests-Bridging-Header.h */,
				8679D2B71CE1FA760071D783 /* DescriptionTests.swift */,
			);
			path = SwiftCronExampleTests;
			sourceTree = "<group>";
		};
/* End PBXGroup section */

/* Begin PBXNativeTarget section */
		8679D2701CE1F4730071D783 /* SwiftCronExample */ = {
			isa = PBXNativeTarget;
			buildConfigurationList = 8679D28E1CE1F4740071D783 /* Build configuration list for PBXNativeTarget "SwiftCronExample" */;
			buildPhases = (
				E87025957E0569C2E0F11DA7 /* [CP] Check Pods Manifest.lock */,
				8679D26D1CE1F4730071D783 /* Sources */,
				8679D26E1CE1F4730071D783 /* Frameworks */,
				8679D26F1CE1F4730071D783 /* Resources */,
				42C8277495ABC8132337E07F /* [CP] Embed Pods Frameworks */,
				32DF2E51192F05F6A8F079E6 /* [CP] Copy Pods Resources */,
			);
			buildRules = (
			);
			dependencies = (
			);
			name = SwiftCronExample;
			productName = SwiftCronExample;
			productReference = 8679D2711CE1F4730071D783 /* SwiftCronExample.app */;
			productType = "com.apple.product-type.application";
		};
		8679D2841CE1F4740071D783 /* SwiftCronExampleTests */ = {
			isa = PBXNativeTarget;
			buildConfigurationList = 8679D2911CE1F4740071D783 /* Build configuration list for PBXNativeTarget "SwiftCronExampleTests" */;
			buildPhases = (
				5C3A63B070FA8E0262619C5B /* [CP] Check Pods Manifest.lock */,
				8679D2811CE1F4740071D783 /* Sources */,
				8679D2821CE1F4740071D783 /* Frameworks */,
				8679D2831CE1F4740071D783 /* Resources */,
				FB1006182B176A61E545DAAD /* [CP] Embed Pods Frameworks */,
				1E27C67471A351797CF56101 /* [CP] Copy Pods Resources */,
			);
			buildRules = (
			);
			dependencies = (
				8679D2871CE1F4740071D783 /* PBXTargetDependency */,
			);
			name = SwiftCronExampleTests;
			productName = SwiftCronExampleTests;
			productReference = 8679D2851CE1F4740071D783 /* SwiftCronExampleTests.xctest */;
			productType = "com.apple.product-type.bundle.unit-test";
		};
/* End PBXNativeTarget section */

/* Begin PBXProject section */
		8679D2691CE1F4730071D783 /* Project object */ = {
			isa = PBXProject;
			attributes = {
				LastSwiftUpdateCheck = 0730;
				LastUpgradeCheck = 0730;
				ORGANIZATIONNAME = Rush42;
				TargetAttributes = {
					8679D2701CE1F4730071D783 = {
						CreatedOnToolsVersion = 7.3;
					};
					8679D2841CE1F4740071D783 = {
						CreatedOnToolsVersion = 7.3;
						TestTargetID = 8679D2701CE1F4730071D783;
					};
				};
			};
			buildConfigurationList = 8679D26C1CE1F4730071D783 /* Build configuration list for PBXProject "SwiftCronExample" */;
			compatibilityVersion = "Xcode 3.2";
			developmentRegion = English;
			hasScannedForEncodings = 0;
			knownRegions = (
				en,
				Base,
			);
			mainGroup = 8679D2681CE1F4730071D783;
			productRefGroup = 8679D2721CE1F4730071D783 /* Products */;
			projectDirPath = "";
			projectRoot = "";
			targets = (
				8679D2701CE1F4730071D783 /* SwiftCronExample */,
				8679D2841CE1F4740071D783 /* SwiftCronExampleTests */,
			);
		};
/* End PBXProject section */

/* Begin PBXResourcesBuildPhase section */
		8679D26F1CE1F4730071D783 /* Resources */ = {
			isa = PBXResourcesBuildPhase;
			buildActionMask = 2147483647;
			files = (
				8679D27F1CE1F4730071D783 /* LaunchScreen.storyboard in Resources */,
				8679D27C1CE1F4730071D783 /* Assets.xcassets in Resources */,
				8679D27A1CE1F4730071D783 /* Main.storyboard in Resources */,
			);
			runOnlyForDeploymentPostprocessing = 0;
		};
		8679D2831CE1F4740071D783 /* Resources */ = {
			isa = PBXResourcesBuildPhase;
			buildActionMask = 2147483647;
			files = (
			);
			runOnlyForDeploymentPostprocessing = 0;
		};
/* End PBXResourcesBuildPhase section */

/* Begin PBXShellScriptBuildPhase section */
		1E27C67471A351797CF56101 /* [CP] Copy Pods Resources */ = {
			isa = PBXShellScriptBuildPhase;
			buildActionMask = 2147483647;
			files = (
			);
			inputPaths = (
			);
			name = "[CP] Copy Pods Resources";
			outputPaths = (
			);
			runOnlyForDeploymentPostprocessing = 0;
			shellPath = /bin/sh;
			shellScript = "\"${SRCROOT}/Pods/Target Support Files/Pods-SwiftCronExampleTests/Pods-SwiftCronExampleTests-resources.sh\"\n";
			showEnvVarsInLog = 0;
		};
		32DF2E51192F05F6A8F079E6 /* [CP] Copy Pods Resources */ = {
			isa = PBXShellScriptBuildPhase;
			buildActionMask = 2147483647;
			files = (
			);
			inputPaths = (
			);
			name = "[CP] Copy Pods Resources";
			outputPaths = (
			);
			runOnlyForDeploymentPostprocessing = 0;
			shellPath = /bin/sh;
			shellScript = "\"${SRCROOT}/Pods/Target Support Files/Pods-SwiftCronExample/Pods-SwiftCronExample-resources.sh\"\n";
			showEnvVarsInLog = 0;
		};
		42C8277495ABC8132337E07F /* [CP] Embed Pods Frameworks */ = {
			isa = PBXShellScriptBuildPhase;
			buildActionMask = 2147483647;
			files = (
			);
			inputPaths = (
			);
			name = "[CP] Embed Pods Frameworks";
			outputPaths = (
			);
			runOnlyForDeploymentPostprocessing = 0;
			shellPath = /bin/sh;
			shellScript = "\"${SRCROOT}/Pods/Target Support Files/Pods-SwiftCronExample/Pods-SwiftCronExample-frameworks.sh\"\n";
			showEnvVarsInLog = 0;
		};
		5C3A63B070FA8E0262619C5B /* [CP] Check Pods Manifest.lock */ = {
			isa = PBXShellScriptBuildPhase;
			buildActionMask = 2147483647;
			files = (
			);
			inputPaths = (
			);
			name = "[CP] Check Pods Manifest.lock";
			outputPaths = (
			);
			runOnlyForDeploymentPostprocessing = 0;
			shellPath = /bin/sh;
			shellScript = "diff \"${PODS_ROOT}/../Podfile.lock\" \"${PODS_ROOT}/Manifest.lock\" > /dev/null\nif [[ $? != 0 ]] ; then\n    cat << EOM\nerror: The sandbox is not in sync with the Podfile.lock. Run 'pod install' or update your CocoaPods installation.\nEOM\n    exit 1\nfi\n";
			showEnvVarsInLog = 0;
		};
		E87025957E0569C2E0F11DA7 /* [CP] Check Pods Manifest.lock */ = {
			isa = PBXShellScriptBuildPhase;
			buildActionMask = 2147483647;
			files = (
			);
			inputPaths = (
			);
			name = "[CP] Check Pods Manifest.lock";
			outputPaths = (
			);
			runOnlyForDeploymentPostprocessing = 0;
			shellPath = /bin/sh;
			shellScript = "diff \"${PODS_ROOT}/../Podfile.lock\" \"${PODS_ROOT}/Manifest.lock\" > /dev/null\nif [[ $? != 0 ]] ; then\n    cat << EOM\nerror: The sandbox is not in sync with the Podfile.lock. Run 'pod install' or update your CocoaPods installation.\nEOM\n    exit 1\nfi\n";
			showEnvVarsInLog = 0;
		};
		FB1006182B176A61E545DAAD /* [CP] Embed Pods Frameworks */ = {
			isa = PBXShellScriptBuildPhase;
			buildActionMask = 2147483647;
			files = (
			);
			inputPaths = (
			);
			name = "[CP] Embed Pods Frameworks";
			outputPaths = (
			);
			runOnlyForDeploymentPostprocessing = 0;
			shellPath = /bin/sh;
			shellScript = "\"${SRCROOT}/Pods/Target Support Files/Pods-SwiftCronExampleTests/Pods-SwiftCronExampleTests-frameworks.sh\"\n";
			showEnvVarsInLog = 0;
		};
/* End PBXShellScriptBuildPhase section */

/* Begin PBXSourcesBuildPhase section */
		8679D26D1CE1F4730071D783 /* Sources */ = {
			isa = PBXSourcesBuildPhase;
			buildActionMask = 2147483647;
			files = (
				8679D2771CE1F4730071D783 /* ViewController.swift in Sources */,
				8679D2751CE1F4730071D783 /* AppDelegate.swift in Sources */,
			);
			runOnlyForDeploymentPostprocessing = 0;
		};
		8679D2811CE1F4740071D783 /* Sources */ = {
			isa = PBXSourcesBuildPhase;
			buildActionMask = 2147483647;
			files = (
				8679D2B81CE1FA760071D783 /* DescriptionTests.swift in Sources */,
				8679D2B21CE1F51F0071D783 /* MonthTests.swift in Sources */,
				8679D2B51CE1F51F0071D783 /* WeekdayTests.swift in Sources */,
				8679D2B11CE1F51F0071D783 /* MinuteTests.swift in Sources */,
				8679D2B31CE1F51F0071D783 /* SwiftCronTests.swift in Sources */,
				8679D2B41CE1F51F0071D783 /* TestData.swift in Sources */,
				8679D2A91CE1F5140071D783 /* DayTests.swift in Sources */,
				8679D2B61CE1F51F0071D783 /* YearTests.swift in Sources */,
				8679D2AA1CE1F5140071D783 /* HourTests.swift in Sources */,
			);
			runOnlyForDeploymentPostprocessing = 0;
		};
/* End PBXSourcesBuildPhase section */

/* Begin PBXTargetDependency section */
		8679D2871CE1F4740071D783 /* PBXTargetDependency */ = {
			isa = PBXTargetDependency;
			target = 8679D2701CE1F4730071D783 /* SwiftCronExample */;
			targetProxy = 8679D2861CE1F4740071D783 /* PBXContainerItemProxy */;
		};
/* End PBXTargetDependency section */

/* Begin PBXVariantGroup section */
		8679D2781CE1F4730071D783 /* Main.storyboard */ = {
			isa = PBXVariantGroup;
			children = (
				8679D2791CE1F4730071D783 /* Base */,
			);
			name = Main.storyboard;
			sourceTree = "<group>";
		};
		8679D27D1CE1F4730071D783 /* LaunchScreen.storyboard */ = {
			isa = PBXVariantGroup;
			children = (
				8679D27E1CE1F4730071D783 /* Base */,
			);
			name = LaunchScreen.storyboard;
			sourceTree = "<group>";
		};
/* End PBXVariantGroup section */

/* Begin XCBuildConfiguration section */
		8679D28C1CE1F4740071D783 /* Debug */ = {
			isa = XCBuildConfiguration;
			buildSettings = {
				ALWAYS_SEARCH_USER_PATHS = NO;
				CLANG_ANALYZER_NONNULL = YES;
				CLANG_CXX_LANGUAGE_STANDARD = "gnu++0x";
				CLANG_CXX_LIBRARY = "libc++";
				CLANG_ENABLE_MODULES = YES;
				CLANG_ENABLE_OBJC_ARC = YES;
				CLANG_WARN_BOOL_CONVERSION = YES;
				CLANG_WARN_CONSTANT_CONVERSION = YES;
				CLANG_WARN_DIRECT_OBJC_ISA_USAGE = YES_ERROR;
				CLANG_WARN_EMPTY_BODY = YES;
				CLANG_WARN_ENUM_CONVERSION = YES;
				CLANG_WARN_INT_CONVERSION = YES;
				CLANG_WARN_OBJC_ROOT_CLASS = YES_ERROR;
				CLANG_WARN_UNREACHABLE_CODE = YES;
				CLANG_WARN__DUPLICATE_METHOD_MATCH = YES;
				"CODE_SIGN_IDENTITY[sdk=iphoneos*]" = "iPhone Developer";
				COPY_PHASE_STRIP = NO;
				DEBUG_INFORMATION_FORMAT = dwarf;
				ENABLE_STRICT_OBJC_MSGSEND = YES;
				ENABLE_TESTABILITY = YES;
				GCC_C_LANGUAGE_STANDARD = gnu99;
				GCC_DYNAMIC_NO_PIC = NO;
				GCC_NO_COMMON_BLOCKS = YES;
				GCC_OPTIMIZATION_LEVEL = 0;
				GCC_PREPROCESSOR_DEFINITIONS = (
					"DEBUG=1",
					"$(inherited)",
				);
				GCC_WARN_64_TO_32_BIT_CONVERSION = YES;
				GCC_WARN_ABOUT_RETURN_TYPE = YES_ERROR;
				GCC_WARN_UNDECLARED_SELECTOR = YES;
				GCC_WARN_UNINITIALIZED_AUTOS = YES_AGGRESSIVE;
				GCC_WARN_UNUSED_FUNCTION = YES;
				GCC_WARN_UNUSED_VARIABLE = YES;
				IPHONEOS_DEPLOYMENT_TARGET = 9.3;
				MTL_ENABLE_DEBUG_INFO = YES;
				ONLY_ACTIVE_ARCH = YES;
				SDKROOT = iphoneos;
				SWIFT_OPTIMIZATION_LEVEL = "-Onone";
			};
			name = Debug;
		};
		8679D28D1CE1F4740071D783 /* Release */ = {
			isa = XCBuildConfiguration;
			buildSettings = {
				ALWAYS_SEARCH_USER_PATHS = NO;
				CLANG_ANALYZER_NONNULL = YES;
				CLANG_CXX_LANGUAGE_STANDARD = "gnu++0x";
				CLANG_CXX_LIBRARY = "libc++";
				CLANG_ENABLE_MODULES = YES;
				CLANG_ENABLE_OBJC_ARC = YES;
				CLANG_WARN_BOOL_CONVERSION = YES;
				CLANG_WARN_CONSTANT_CONVERSION = YES;
				CLANG_WARN_DIRECT_OBJC_ISA_USAGE = YES_ERROR;
				CLANG_WARN_EMPTY_BODY = YES;
				CLANG_WARN_ENUM_CONVERSION = YES;
				CLANG_WARN_INT_CONVERSION = YES;
				CLANG_WARN_OBJC_ROOT_CLASS = YES_ERROR;
				CLANG_WARN_UNREACHABLE_CODE = YES;
				CLANG_WARN__DUPLICATE_METHOD_MATCH = YES;
				"CODE_SIGN_IDENTITY[sdk=iphoneos*]" = "iPhone Developer";
				COPY_PHASE_STRIP = NO;
				DEBUG_INFORMATION_FORMAT = "dwarf-with-dsym";
				ENABLE_NS_ASSERTIONS = NO;
				ENABLE_STRICT_OBJC_MSGSEND = YES;
				GCC_C_LANGUAGE_STANDARD = gnu99;
				GCC_NO_COMMON_BLOCKS = YES;
				GCC_WARN_64_TO_32_BIT_CONVERSION = YES;
				GCC_WARN_ABOUT_RETURN_TYPE = YES_ERROR;
				GCC_WARN_UNDECLARED_SELECTOR = YES;
				GCC_WARN_UNINITIALIZED_AUTOS = YES_AGGRESSIVE;
				GCC_WARN_UNUSED_FUNCTION = YES;
				GCC_WARN_UNUSED_VARIABLE = YES;
				IPHONEOS_DEPLOYMENT_TARGET = 9.3;
				MTL_ENABLE_DEBUG_INFO = NO;
				SDKROOT = iphoneos;
				VALIDATE_PRODUCT = YES;
			};
			name = Release;
		};
		8679D28F1CE1F4740071D783 /* Debug */ = {
			isa = XCBuildConfiguration;
			baseConfigurationReference = 0F8ABF1B000AF874C484BB4D /* Pods-SwiftCronExample.debug.xcconfig */;
			buildSettings = {
				ASSETCATALOG_COMPILER_APPICON_NAME = AppIcon;
				INFOPLIST_FILE = SwiftCronExample/Info.plist;
				LD_RUNPATH_SEARCH_PATHS = "$(inherited) @executable_path/Frameworks";
				PRODUCT_BUNDLE_IDENTIFIER = com.Rush42.SwiftCronExample;
				PRODUCT_NAME = "$(TARGET_NAME)";
			};
			name = Debug;
		};
		8679D2901CE1F4740071D783 /* Release */ = {
			isa = XCBuildConfiguration;
			baseConfigurationReference = A8CB7B09FFB21F86177ED344 /* Pods-SwiftCronExample.release.xcconfig */;
			buildSettings = {
				ASSETCATALOG_COMPILER_APPICON_NAME = AppIcon;
				INFOPLIST_FILE = SwiftCronExample/Info.plist;
				LD_RUNPATH_SEARCH_PATHS = "$(inherited) @executable_path/Frameworks";
				PRODUCT_BUNDLE_IDENTIFIER = com.Rush42.SwiftCronExample;
				PRODUCT_NAME = "$(TARGET_NAME)";
			};
			name = Release;
		};
		8679D2921CE1F4740071D783 /* Debug */ = {
			isa = XCBuildConfiguration;
			baseConfigurationReference = 4E2C5421749CD7878ECB54E4 /* Pods-SwiftCronExampleTests.debug.xcconfig */;
			buildSettings = {
				BUNDLE_LOADER = "$(TEST_HOST)";
				CLANG_ENABLE_MODULES = YES;
				INFOPLIST_FILE = SwiftCronExampleTests/Info.plist;
				LD_RUNPATH_SEARCH_PATHS = "$(inherited) @executable_path/Frameworks @loader_path/Frameworks";
				PRODUCT_BUNDLE_IDENTIFIER = com.Rush42.SwiftCronExampleTests;
				PRODUCT_NAME = "$(TARGET_NAME)";
				SWIFT_OBJC_BRIDGING_HEADER = "SwiftCronExampleTests/SwiftCronExampleTests-Bridging-Header.h";
				SWIFT_OPTIMIZATION_LEVEL = "-Onone";
				TEST_HOST = "$(BUILT_PRODUCTS_DIR)/SwiftCronExample.app/SwiftCronExample";
			};
			name = Debug;
		};
		8679D2931CE1F4740071D783 /* Release */ = {
			isa = XCBuildConfiguration;
			baseConfigurationReference = 9FC712B82D2D075E149E73AB /* Pods-SwiftCronExampleTests.release.xcconfig */;
			buildSettings = {
				BUNDLE_LOADER = "$(TEST_HOST)";
				CLANG_ENABLE_MODULES = YES;
				INFOPLIST_FILE = SwiftCronExampleTests/Info.plist;
				LD_RUNPATH_SEARCH_PATHS = "$(inherited) @executable_path/Frameworks @loader_path/Frameworks";
				PRODUCT_BUNDLE_IDENTIFIER = com.Rush42.SwiftCronExampleTests;
				PRODUCT_NAME = "$(TARGET_NAME)";
				SWIFT_OBJC_BRIDGING_HEADER = "SwiftCronExampleTests/SwiftCronExampleTests-Bridging-Header.h";
				TEST_HOST = "$(BUILT_PRODUCTS_DIR)/SwiftCronExample.app/SwiftCronExample";
			};
			name = Release;
		};
/* End XCBuildConfiguration section */

/* Begin XCConfigurationList section */
		8679D26C1CE1F4730071D783 /* Build configuration list for PBXProject "SwiftCronExample" */ = {
			isa = XCConfigurationList;
			buildConfigurations = (
				8679D28C1CE1F4740071D783 /* Debug */,
				8679D28D1CE1F4740071D783 /* Release */,
			);
			defaultConfigurationIsVisible = 0;
			defaultConfigurationName = Release;
		};
		8679D28E1CE1F4740071D783 /* Build configuration list for PBXNativeTarget "SwiftCronExample" */ = {
			isa = XCConfigurationList;
			buildConfigurations = (
				8679D28F1CE1F4740071D783 /* Debug */,
				8679D2901CE1F4740071D783 /* Release */,
			);
			defaultConfigurationIsVisible = 0;
			defaultConfigurationName = Release;
		};
		8679D2911CE1F4740071D783 /* Build configuration list for PBXNativeTarget "SwiftCronExampleTests" */ = {
			isa = XCConfigurationList;
			buildConfigurations = (
				8679D2921CE1F4740071D783 /* Debug */,
				8679D2931CE1F4740071D783 /* Release */,
			);
			defaultConfigurationIsVisible = 0;
			defaultConfigurationName = Release;
		};
/* End XCConfigurationList section */
	};
	rootObject = 8679D2691CE1F4730071D783 /* Project object */;
}
